
Microsoft Visual Studio Solution File, Format Version 12.00
# Visual Studio 15
VisualStudioVersion = 15.0.27004.2002
MinimumVisualStudioVersion = 10.0.40219.1
Project("{9A19103F-16F7-4668-BE54-9A1E7A4F7556}") = "DAL", "DAL\DAL.csproj", "{1C02F726-8DF6-4646-BAF6-7C975B5DB4E2}"
EndProject
Project("{2150E333-8FDC-42A3-9474-1A3956D46DE8}") = "Library", "Library", "{3F1E609C-294B-4177-94D1-338C5F9F77B3}"
EndProject
Project("{9A19103F-16F7-4668-BE54-9A1E7A4F7556}") = "Energy.Core", "..\..\Energy.Core\Energy.Core.csproj", "{9220CC98-3300-4231-B663-4893951F8CBF}"
EndProject
Global
	GlobalSection(SolutionConfigurationPlatforms) = preSolution
		Debug|Any CPU = Debug|Any CPU
		Release|Any CPU = Release|Any CPU
	EndGlobalSection
	GlobalSection(ProjectConfigurationPlatforms) = postSolution
		{1C02F726-8DF6-4646-BAF6-7C975B5DB4E2}.Debug|Any CPU.ActiveCfg = Debug|Any CPU
		{1C02F726-8DF6-4646-BAF6-7C975B5DB4E2}.Debug|Any CPU.Build.0 = Debug|Any CPU
		{1C02F726-8DF6-4646-BAF6-7C975B5DB4E2}.Release|Any CPU.ActiveCfg = Release|Any CPU
		{1C02F726-8DF6-4646-BAF6-7C975B5DB4E2}.Release|Any CPU.Build.0 = Release|Any CPU
		{9220CC98-3300-4231-B663-4893951F8CBF}.Debug|Any CPU.ActiveCfg = Debug|Any CPU
		{9220CC98-3300-4231-B663-4893951F8CBF}.Debug|Any CPU.Build.0 = Debug|Any CPU
		{9220CC98-3300-4231-B663-4893951F8CBF}.Release|Any CPU.ActiveCfg = Release|Any CPU
		{9220CC98-3300-4231-B663-4893951F8CBF}.Release|Any CPU.Build.0 = Release|Any CPU
	EndGlobalSection
	GlobalSection(SolutionProperties) = preSolution
		HideSolutionNode = FALSE
	EndGlobalSection
	GlobalSection(NestedProjects) = preSolution
		{9220CC98-3300-4231-B663-4893951F8CBF} = {3F1E609C-294B-4177-94D1-338C5F9F77B3}
	EndGlobalSection
	GlobalSection(ExtensibilityGlobals) = postSolution
		SolutionGuid = {639AFC63-35DB-42BD-BA19-98D2C8290B51}
	EndGlobalSection
EndGlobal
