
Microsoft Visual Studio Solution File, Format Version 12.00
# Visual Studio 15
VisualStudioVersion = 15.0.27130.2027
MinimumVisualStudioVersion = 10.0.40219.1
Project("{FAE04EC0-301F-11D3-BF4B-00C04F79EFBC}") = "ByteMangleTest", "Energy.Core.Example\ByteMangleTest\ByteMangleTest.csproj", "{8F32143D-B4B1-4957-8FF9-4792C9D0C701}"
EndProject
Project("{9A19103F-16F7-4668-BE54-9A1E7A4F7556}") = "Energy.Core", "Energy.Core\Energy.Core.csproj", "{C8A325C9-5193-4819-9668-03F70904C9B7}"
EndProject
Project("{FAE04EC0-301F-11D3-BF4B-00C04F79EFBC}") = "NLogFileUsage", "Energy.Core.Example\NLogFileUsage\NLogFileUsage.csproj", "{F2FD2A84-B0DC-4161-AA4C-6DBC8976DB78}"
EndProject
Project("{FAE04EC0-301F-11D3-BF4B-00C04F79EFBC}") = "WorkerCreateSimple", "Energy.Core.Example\WorkerCreateSimple\WorkerCreateSimple.csproj", "{0A41D8F7-3857-4F53-8CB6-BBD1CD823FDF}"
EndProject
Project("{FAE04EC0-301F-11D3-BF4B-00C04F79EFBC}") = "StringDictionary", "Energy.Core.Example\StringDictionary\StringDictionary.csproj", "{988CB0D3-BA66-4A22-98EB-F5886CF030D6}"
EndProject
Project("{FAE04EC0-301F-11D3-BF4B-00C04F79EFBC}") = "DocumentationStartup", "Energy.Core.Example\DocumentationStartup\DocumentationStartup.csproj", "{1C355679-EA1B-4208-A1EF-1D2C2099E5DA}"
EndProject
Project("{FAE04EC0-301F-11D3-BF4B-00C04F79EFBC}") = "ProcessListSimple", "Energy.Core.Example\ProcessListSimple\ProcessListSimple.csproj", "{184B2493-2099-4FF3-A351-929183DB31FF}"
EndProject
Project("{FAE04EC0-301F-11D3-BF4B-00C04F79EFBC}") = "FileNameFunctionsDemo", "Energy.Core.Example\FileNameFunctionsDemo\FileNameFunctionsDemo.csproj", "{50AD38C6-8813-4981-B719-6B026C3DD50B}"
EndProject
Project("{FAE04EC0-301F-11D3-BF4B-00C04F79EFBC}") = "ByteArrayBenchmark", "Energy.Core.Example\ByteArrayBenchmark\ByteArrayBenchmark.csproj", "{FB3ECE96-28FF-457F-96A0-FDAEB6D9FA92}"
EndProject
Project("{FAE04EC0-301F-11D3-BF4B-00C04F79EFBC}") = "MemorySizeInKB", "Energy.Core.Example\MemorySizeInKB\MemorySizeInKB.csproj", "{042949F5-8E57-4ED2-8802-15DA102D66C5}"
EndProject
Project("{FAE04EC0-301F-11D3-BF4B-00C04F79EFBC}") = "XmlSerializationExample", "Energy.Core.Example\XmlSerializationExample\XmlSerializationExample.csproj", "{F70DC188-8A5B-496C-90B1-1F57012B824A}"
EndProject
Project("{9A19103F-16F7-4668-BE54-9A1E7A4F7556}") = "LocateCommand", "Energy.Core.Example\LocateCommand\LocateCommand.csproj", "{65EDE8BC-E46E-41C2-87D9-821802EE9369}"
EndProject
Project("{2150E333-8FDC-42A3-9474-1A3956D46DE8}") = "Database", "Database", "{F9446512-A7A6-4B1D-995A-9EEF1D41DB30}"
EndProject
Project("{FAE04EC0-301F-11D3-BF4B-00C04F79EFBC}") = "QueryParameterList", "Energy.Core.Example\QueryParameterList\QueryParameterList.csproj", "{75A13B81-9D07-411A-8898-7FCA1407276D}"
EndProject
Project("{2150E333-8FDC-42A3-9474-1A3956D46DE8}") = "Compression", "Compression", "{77D56EA4-03D6-45F7-B8F6-7E95B6B79CA7}"
EndProject
Project("{FAE04EC0-301F-11D3-BF4B-00C04F79EFBC}") = "CompressionAlgorithmComparisation", "Energy.Core.Example\CompressionAlgorithmComparisation\CompressionAlgorithmComparisation.csproj", "{AED82932-9FE2-4408-85E0-2242A03E1261}"
EndProject
Project("{2150E333-8FDC-42A3-9474-1A3956D46DE8}") = "File", "File", "{451840B0-1450-40E9-8465-DB6D813F2CC1}"
EndProject
Project("{FAE04EC0-301F-11D3-BF4B-00C04F79EFBC}") = "FileLocate", "Energy.Core.Example\FileLocate\FileLocate.csproj", "{48CA6503-0251-4BB7-816D-05D029D5E33A}"
EndProject
Project("{2150E333-8FDC-42A3-9474-1A3956D46DE8}") = "Console", "Console", "{417A257C-555A-4DC6-A76B-928A508CF136}"
EndProject
Project("{FAE04EC0-301F-11D3-BF4B-00C04F79EFBC}") = "TildeColorText", "Energy.Core.Example\TildeColorText\TildeColorText.csproj", "{FD52E205-2F48-4777-A901-3071DC171130}"
EndProject
Project("{2150E333-8FDC-42A3-9474-1A3956D46DE8}") = "Library", "Library", "{B5DE1B89-F59F-4112-9DB3-F1DAFD3A5F1E}"
EndProject
Project("{2150E333-8FDC-42A3-9474-1A3956D46DE8}") = "Pattern", "Pattern", "{69C86F9D-C93D-4629-9BEC-26C67DB3E3D4}"
EndProject
Project("{FAE04EC0-301F-11D3-BF4B-00C04F79EFBC}") = "DesignPatternMutableDefault", "Energy.Core.Example\DesignPatternMutableDefault\DesignPatternMutableDefault.csproj", "{3BA5F425-8780-44A7-8C04-A04264F40998}"
EndProject
Project("{FAE04EC0-301F-11D3-BF4B-00C04F79EFBC}") = "SqlServerConnection", "Energy.Core.Example\SqlServerConnection\SqlServerConnection.csproj", "{1C0CADAF-BF31-487D-A1BA-DC9028A67AF4}"
EndProject
Project("{FAE04EC0-301F-11D3-BF4B-00C04F79EFBC}") = "HexColorExample", "Energy.Core.Example\HexColorExample\HexColorExample.csproj", "{CAA0753E-C79C-47D7-86C5-AD257BC9C69A}"
EndProject
Project("{2150E333-8FDC-42A3-9474-1A3956D46DE8}") = "Log", "Log", "{E9726BBF-A312-485B-80E8-625CB26265B9}"
EndProject
Project("{2150E333-8FDC-42A3-9474-1A3956D46DE8}") = "Web", "Web", "{43C70BAA-B55F-4C02-9AB8-1C7CB185F3D4}"
EndProject
Project("{9A19103F-16F7-4668-BE54-9A1E7A4F7556}") = "AspNetCoreApi", "Energy.Core.Example\AspNetCoreApi\AspNetCoreApi.csproj", "{16FEA07F-F2B4-4B61-9CBD-22C0A57A892B}"
EndProject
Project("{2150E333-8FDC-42A3-9474-1A3956D46DE8}") = "Documentation", "Documentation", "{04E277F8-B53A-48C1-8EE5-8FFC8D092364}"
EndProject
Project("{2150E333-8FDC-42A3-9474-1A3956D46DE8}") = "System", "System", "{389F3ADE-0AE2-4629-8E6D-F42BE3064CA8}"
EndProject
Project("{2150E333-8FDC-42A3-9474-1A3956D46DE8}") = "Basic", "Basic", "{3A859191-82AC-47CD-BD35-95F0C2722EC8}"
EndProject
Project("{2150E333-8FDC-42A3-9474-1A3956D46DE8}") = "Thread", "Thread", "{45B9062A-05F6-492A-9967-61CF8E3AC10E}"
EndProject
Project("{FAE04EC0-301F-11D3-BF4B-00C04F79EFBC}") = "TypeConvertion", "Energy.Core.Example\TypeConvertion\TypeConvertion.csproj", "{0A8EA724-7983-44A1-9CE9-789546EF29A3}"
EndProject
Project("{2150E333-8FDC-42A3-9474-1A3956D46DE8}") = "Experimental", "Experimental", "{6D4F3502-1E02-420D-9772-F670D021CA4E}"
EndProject
Project("{9A19103F-16F7-4668-BE54-9A1E7A4F7556}") = "TuppleSample", "Energy.Core.Example\TuppleSample\TuppleSample.csproj", "{E4E8A8CC-0E46-434E-9657-625BBD60C611}"
EndProject
Project("{2150E333-8FDC-42A3-9474-1A3956D46DE8}") = "Lua", "Lua", "{8BD294C2-FE8E-4FFC-833E-A02BF46EF1C9}"
EndProject
Project("{FAE04EC0-301F-11D3-BF4B-00C04F79EFBC}") = "LuaSimpleConsole", "Energy.Core.Example\LuaSimpleConsole\LuaSimpleConsole.csproj", "{8BDC2BAC-ED42-4C80-AC69-3ACD3B28BEFA}"
EndProject
Project("{FAE04EC0-301F-11D3-BF4B-00C04F79EFBC}") = "Energy.Core.Test", "Energy.Core.Test\Energy.Core.Test.csproj", "{EF49DE43-BCCC-4EE8-92DA-58F9A2A5D255}"
EndProject
Project("{FAE04EC0-301F-11D3-BF4B-00C04F79EFBC}") = "CounterOverflow", "Energy.Core.Example\CounterOverflow\CounterOverflow.csproj", "{A26D82AC-6318-4008-9B74-FC1560C80512}"
EndProject
Project("{FAE04EC0-301F-11D3-BF4B-00C04F79EFBC}") = "Base64UTF8Console", "Energy.Core.Example\Base64UTF8Console\Base64UTF8Console.csproj", "{A6FC7ECB-8C9B-4B4B-9CF0-2EE6E80BED6B}"
EndProject
Project("{FAE04EC0-301F-11D3-BF4B-00C04F79EFBC}") = "WcfService", "Energy.Core.Example\WcfService\WcfService.csproj", "{BCBD5D68-FC10-48F4-9266-10360EB81137}"
EndProject
Project("{FAE04EC0-301F-11D3-BF4B-00C04F79EFBC}") = "LuaExampleNLua", "Energy.Core.Example\LuaExampleNLua\LuaExampleNLua.csproj", "{F6B90A51-0463-43BE-831C-BB7C89538904}"
EndProject
Project("{2150E333-8FDC-42A3-9474-1A3956D46DE8}") = "Xml", "Xml", "{6C2F6250-A5A4-46EB-A357-6B6EA1498ECF}"
EndProject
Project("{FAE04EC0-301F-11D3-BF4B-00C04F79EFBC}") = "RestBinaryGetPut", "Energy.Core.Example\RestBinaryGetPut\RestBinaryGetPut.csproj", "{71DCD053-3DFD-448F-9C8B-30273F058542}"
EndProject
Project("{FAE04EC0-301F-11D3-BF4B-00C04F79EFBC}") = "WindowsFormsAppLogBug", "Energy.Core.Example\WindowsFormsAppLogBug\WindowsFormsAppLogBug.csproj", "{5F2CBC92-A5B7-4A96-A69D-2565C152CF55}"
EndProject
Project("{FAE04EC0-301F-11D3-BF4B-00C04F79EFBC}") = "TextUnique", "Energy.Core.Example\TextUnique\TextUnique.csproj", "{F3B18210-FDDA-4385-A96F-CDFB0A01309B}"
EndProject
Project("{FAE04EC0-301F-11D3-BF4B-00C04F79EFBC}") = "HexPrint", "Energy.Core.Example\HexPrint\HexPrint.csproj", "{B528C7B8-4A5C-4301-9BCD-0EE278711FD1}"
EndProject
Project("{FAE04EC0-301F-11D3-BF4B-00C04F79EFBC}") = "ReadLineLoop", "Energy.Core.Example\ReadLineLoop\ReadLineLoop.csproj", "{9AC47280-C617-4F8A-8A2C-C467B7F922F5}"
EndProject
Project("{FAE04EC0-301F-11D3-BF4B-00C04F79EFBC}") = "ColorfulConsole", "Energy.Core.Example\ColorfulConsole\ColorfulConsole.csproj", "{274EA230-1C46-4B6A-B28E-A34E2BF2D9AE}"
EndProject
Project("{FAE04EC0-301F-11D3-BF4B-00C04F79EFBC}") = "SQLiteCreateExample", "Energy.Core.Example\SQLiteCreateExample\SQLiteCreateExample.csproj", "{1BD8D261-2EA8-41A4-A17C-2A9ACB27374A}"
EndProject
Project("{FAE04EC0-301F-11D3-BF4B-00C04F79EFBC}") = "BracketExample", "Energy.Core.Example\BracketExample\BracketExample.csproj", "{EDDCF5B1-F4DF-44B1-8267-51E738EE6022}"
EndProject
Project("{9A19103F-16F7-4668-BE54-9A1E7A4F7556}") = "TextCheck", "Energy.Core.Example\TextCheck\TextCheck.csproj", "{9B4FEADE-133F-4B69-9AE8-42D93E0927B9}"
EndProject
Project("{9A19103F-16F7-4668-BE54-9A1E7A4F7556}") = "AssemblyCheck", "Energy.Core.Example\AssemblyCheck\AssemblyCheck.csproj", "{0DE1EC9E-37D3-4323-AD68-FD4A4F886490}"
EndProject
Project("{FAE04EC0-301F-11D3-BF4B-00C04F79EFBC}") = "ChatSocketClient", "Energy.Core.Example\ChatSocketClient\ChatSocketClient.csproj", "{3427B6E3-AA46-46B7-A7F1-9C787128E50C}"
EndProject
Project("{2150E333-8FDC-42A3-9474-1A3956D46DE8}") = "Network", "Network", "{05B4B14F-C551-4D83-A94E-7DED82E9459B}"
EndProject
Project("{FAE04EC0-301F-11D3-BF4B-00C04F79EFBC}") = "ChatSocketServer", "Energy.Core.Example\ChatSocketServer\ChatSocketServer.csproj", "{18A657C4-72BA-43C5-AEC9-C03D440A5568}"
EndProject
Global
	GlobalSection(SolutionConfigurationPlatforms) = preSolution
		Debug|Any CPU = Debug|Any CPU
		Debug|Mixed Platforms = Debug|Mixed Platforms
		Debug|x86 = Debug|x86
		Release|Any CPU = Release|Any CPU
		Release|Mixed Platforms = Release|Mixed Platforms
		Release|x86 = Release|x86
	EndGlobalSection
	GlobalSection(ProjectConfigurationPlatforms) = postSolution
		{8F32143D-B4B1-4957-8FF9-4792C9D0C701}.Debug|Any CPU.ActiveCfg = Debug|Any CPU
		{8F32143D-B4B1-4957-8FF9-4792C9D0C701}.Debug|Any CPU.Build.0 = Debug|Any CPU
		{8F32143D-B4B1-4957-8FF9-4792C9D0C701}.Debug|Mixed Platforms.ActiveCfg = Debug|Any CPU
		{8F32143D-B4B1-4957-8FF9-4792C9D0C701}.Debug|Mixed Platforms.Build.0 = Debug|Any CPU
		{8F32143D-B4B1-4957-8FF9-4792C9D0C701}.Debug|x86.ActiveCfg = Debug|Any CPU
		{8F32143D-B4B1-4957-8FF9-4792C9D0C701}.Release|Any CPU.ActiveCfg = Release|Any CPU
		{8F32143D-B4B1-4957-8FF9-4792C9D0C701}.Release|Any CPU.Build.0 = Release|Any CPU
		{8F32143D-B4B1-4957-8FF9-4792C9D0C701}.Release|Mixed Platforms.ActiveCfg = Release|Any CPU
		{8F32143D-B4B1-4957-8FF9-4792C9D0C701}.Release|Mixed Platforms.Build.0 = Release|Any CPU
		{8F32143D-B4B1-4957-8FF9-4792C9D0C701}.Release|x86.ActiveCfg = Release|Any CPU
		{C8A325C9-5193-4819-9668-03F70904C9B7}.Debug|Any CPU.ActiveCfg = Debug|Any CPU
		{C8A325C9-5193-4819-9668-03F70904C9B7}.Debug|Any CPU.Build.0 = Debug|Any CPU
		{C8A325C9-5193-4819-9668-03F70904C9B7}.Debug|Mixed Platforms.ActiveCfg = Debug|Any CPU
		{C8A325C9-5193-4819-9668-03F70904C9B7}.Debug|Mixed Platforms.Build.0 = Debug|Any CPU
		{C8A325C9-5193-4819-9668-03F70904C9B7}.Debug|x86.ActiveCfg = Debug|Any CPU
		{C8A325C9-5193-4819-9668-03F70904C9B7}.Release|Any CPU.ActiveCfg = Release|Any CPU
		{C8A325C9-5193-4819-9668-03F70904C9B7}.Release|Any CPU.Build.0 = Release|Any CPU
		{C8A325C9-5193-4819-9668-03F70904C9B7}.Release|Mixed Platforms.ActiveCfg = Release|Any CPU
		{C8A325C9-5193-4819-9668-03F70904C9B7}.Release|Mixed Platforms.Build.0 = Release|Any CPU
		{C8A325C9-5193-4819-9668-03F70904C9B7}.Release|x86.ActiveCfg = Release|Any CPU
		{F2FD2A84-B0DC-4161-AA4C-6DBC8976DB78}.Debug|Any CPU.ActiveCfg = Debug|Any CPU
		{F2FD2A84-B0DC-4161-AA4C-6DBC8976DB78}.Debug|Any CPU.Build.0 = Debug|Any CPU
		{F2FD2A84-B0DC-4161-AA4C-6DBC8976DB78}.Debug|Mixed Platforms.ActiveCfg = Debug|Any CPU
		{F2FD2A84-B0DC-4161-AA4C-6DBC8976DB78}.Debug|Mixed Platforms.Build.0 = Debug|Any CPU
		{F2FD2A84-B0DC-4161-AA4C-6DBC8976DB78}.Debug|x86.ActiveCfg = Debug|Any CPU
		{F2FD2A84-B0DC-4161-AA4C-6DBC8976DB78}.Release|Any CPU.ActiveCfg = Release|Any CPU
		{F2FD2A84-B0DC-4161-AA4C-6DBC8976DB78}.Release|Any CPU.Build.0 = Release|Any CPU
		{F2FD2A84-B0DC-4161-AA4C-6DBC8976DB78}.Release|Mixed Platforms.ActiveCfg = Release|Any CPU
		{F2FD2A84-B0DC-4161-AA4C-6DBC8976DB78}.Release|Mixed Platforms.Build.0 = Release|Any CPU
		{F2FD2A84-B0DC-4161-AA4C-6DBC8976DB78}.Release|x86.ActiveCfg = Release|Any CPU
		{0A41D8F7-3857-4F53-8CB6-BBD1CD823FDF}.Debug|Any CPU.ActiveCfg = Debug|Any CPU
		{0A41D8F7-3857-4F53-8CB6-BBD1CD823FDF}.Debug|Any CPU.Build.0 = Debug|Any CPU
		{0A41D8F7-3857-4F53-8CB6-BBD1CD823FDF}.Debug|Mixed Platforms.ActiveCfg = Debug|Any CPU
		{0A41D8F7-3857-4F53-8CB6-BBD1CD823FDF}.Debug|Mixed Platforms.Build.0 = Debug|Any CPU
		{0A41D8F7-3857-4F53-8CB6-BBD1CD823FDF}.Debug|x86.ActiveCfg = Debug|Any CPU
		{0A41D8F7-3857-4F53-8CB6-BBD1CD823FDF}.Release|Any CPU.ActiveCfg = Release|Any CPU
		{0A41D8F7-3857-4F53-8CB6-BBD1CD823FDF}.Release|Any CPU.Build.0 = Release|Any CPU
		{0A41D8F7-3857-4F53-8CB6-BBD1CD823FDF}.Release|Mixed Platforms.ActiveCfg = Release|Any CPU
		{0A41D8F7-3857-4F53-8CB6-BBD1CD823FDF}.Release|Mixed Platforms.Build.0 = Release|Any CPU
		{0A41D8F7-3857-4F53-8CB6-BBD1CD823FDF}.Release|x86.ActiveCfg = Release|Any CPU
		{988CB0D3-BA66-4A22-98EB-F5886CF030D6}.Debug|Any CPU.ActiveCfg = Debug|Any CPU
		{988CB0D3-BA66-4A22-98EB-F5886CF030D6}.Debug|Any CPU.Build.0 = Debug|Any CPU
		{988CB0D3-BA66-4A22-98EB-F5886CF030D6}.Debug|Mixed Platforms.ActiveCfg = Debug|Any CPU
		{988CB0D3-BA66-4A22-98EB-F5886CF030D6}.Debug|Mixed Platforms.Build.0 = Debug|Any CPU
		{988CB0D3-BA66-4A22-98EB-F5886CF030D6}.Debug|x86.ActiveCfg = Debug|Any CPU
		{988CB0D3-BA66-4A22-98EB-F5886CF030D6}.Release|Any CPU.ActiveCfg = Release|Any CPU
		{988CB0D3-BA66-4A22-98EB-F5886CF030D6}.Release|Any CPU.Build.0 = Release|Any CPU
		{988CB0D3-BA66-4A22-98EB-F5886CF030D6}.Release|Mixed Platforms.ActiveCfg = Release|Any CPU
		{988CB0D3-BA66-4A22-98EB-F5886CF030D6}.Release|Mixed Platforms.Build.0 = Release|Any CPU
		{988CB0D3-BA66-4A22-98EB-F5886CF030D6}.Release|x86.ActiveCfg = Release|Any CPU
		{1C355679-EA1B-4208-A1EF-1D2C2099E5DA}.Debug|Any CPU.ActiveCfg = Debug|Any CPU
		{1C355679-EA1B-4208-A1EF-1D2C2099E5DA}.Debug|Any CPU.Build.0 = Debug|Any CPU
		{1C355679-EA1B-4208-A1EF-1D2C2099E5DA}.Debug|Mixed Platforms.ActiveCfg = Debug|Any CPU
		{1C355679-EA1B-4208-A1EF-1D2C2099E5DA}.Debug|Mixed Platforms.Build.0 = Debug|Any CPU
		{1C355679-EA1B-4208-A1EF-1D2C2099E5DA}.Debug|x86.ActiveCfg = Debug|Any CPU
		{1C355679-EA1B-4208-A1EF-1D2C2099E5DA}.Release|Any CPU.ActiveCfg = Release|Any CPU
		{1C355679-EA1B-4208-A1EF-1D2C2099E5DA}.Release|Any CPU.Build.0 = Release|Any CPU
		{1C355679-EA1B-4208-A1EF-1D2C2099E5DA}.Release|Mixed Platforms.ActiveCfg = Release|Any CPU
		{1C355679-EA1B-4208-A1EF-1D2C2099E5DA}.Release|Mixed Platforms.Build.0 = Release|Any CPU
		{1C355679-EA1B-4208-A1EF-1D2C2099E5DA}.Release|x86.ActiveCfg = Release|Any CPU
		{184B2493-2099-4FF3-A351-929183DB31FF}.Debug|Any CPU.ActiveCfg = Debug|Any CPU
		{184B2493-2099-4FF3-A351-929183DB31FF}.Debug|Any CPU.Build.0 = Debug|Any CPU
		{184B2493-2099-4FF3-A351-929183DB31FF}.Debug|Mixed Platforms.ActiveCfg = Debug|Any CPU
		{184B2493-2099-4FF3-A351-929183DB31FF}.Debug|Mixed Platforms.Build.0 = Debug|Any CPU
		{184B2493-2099-4FF3-A351-929183DB31FF}.Debug|x86.ActiveCfg = Debug|Any CPU
		{184B2493-2099-4FF3-A351-929183DB31FF}.Release|Any CPU.ActiveCfg = Release|Any CPU
		{184B2493-2099-4FF3-A351-929183DB31FF}.Release|Any CPU.Build.0 = Release|Any CPU
		{184B2493-2099-4FF3-A351-929183DB31FF}.Release|Mixed Platforms.ActiveCfg = Release|Any CPU
		{184B2493-2099-4FF3-A351-929183DB31FF}.Release|Mixed Platforms.Build.0 = Release|Any CPU
		{184B2493-2099-4FF3-A351-929183DB31FF}.Release|x86.ActiveCfg = Release|Any CPU
		{50AD38C6-8813-4981-B719-6B026C3DD50B}.Debug|Any CPU.ActiveCfg = Debug|Any CPU
		{50AD38C6-8813-4981-B719-6B026C3DD50B}.Debug|Any CPU.Build.0 = Debug|Any CPU
		{50AD38C6-8813-4981-B719-6B026C3DD50B}.Debug|Mixed Platforms.ActiveCfg = Debug|Any CPU
		{50AD38C6-8813-4981-B719-6B026C3DD50B}.Debug|Mixed Platforms.Build.0 = Debug|Any CPU
		{50AD38C6-8813-4981-B719-6B026C3DD50B}.Debug|x86.ActiveCfg = Debug|Any CPU
		{50AD38C6-8813-4981-B719-6B026C3DD50B}.Release|Any CPU.ActiveCfg = Release|Any CPU
		{50AD38C6-8813-4981-B719-6B026C3DD50B}.Release|Any CPU.Build.0 = Release|Any CPU
		{50AD38C6-8813-4981-B719-6B026C3DD50B}.Release|Mixed Platforms.ActiveCfg = Release|Any CPU
		{50AD38C6-8813-4981-B719-6B026C3DD50B}.Release|Mixed Platforms.Build.0 = Release|Any CPU
		{50AD38C6-8813-4981-B719-6B026C3DD50B}.Release|x86.ActiveCfg = Release|Any CPU
		{FB3ECE96-28FF-457F-96A0-FDAEB6D9FA92}.Debug|Any CPU.ActiveCfg = Debug|Any CPU
		{FB3ECE96-28FF-457F-96A0-FDAEB6D9FA92}.Debug|Any CPU.Build.0 = Debug|Any CPU
		{FB3ECE96-28FF-457F-96A0-FDAEB6D9FA92}.Debug|Mixed Platforms.ActiveCfg = Debug|Any CPU
		{FB3ECE96-28FF-457F-96A0-FDAEB6D9FA92}.Debug|Mixed Platforms.Build.0 = Debug|Any CPU
		{FB3ECE96-28FF-457F-96A0-FDAEB6D9FA92}.Debug|x86.ActiveCfg = Debug|Any CPU
		{FB3ECE96-28FF-457F-96A0-FDAEB6D9FA92}.Release|Any CPU.ActiveCfg = Release|Any CPU
		{FB3ECE96-28FF-457F-96A0-FDAEB6D9FA92}.Release|Any CPU.Build.0 = Release|Any CPU
		{FB3ECE96-28FF-457F-96A0-FDAEB6D9FA92}.Release|Mixed Platforms.ActiveCfg = Release|Any CPU
		{FB3ECE96-28FF-457F-96A0-FDAEB6D9FA92}.Release|Mixed Platforms.Build.0 = Release|Any CPU
		{FB3ECE96-28FF-457F-96A0-FDAEB6D9FA92}.Release|x86.ActiveCfg = Release|Any CPU
		{042949F5-8E57-4ED2-8802-15DA102D66C5}.Debug|Any CPU.ActiveCfg = Debug|Any CPU
		{042949F5-8E57-4ED2-8802-15DA102D66C5}.Debug|Any CPU.Build.0 = Debug|Any CPU
		{042949F5-8E57-4ED2-8802-15DA102D66C5}.Debug|Mixed Platforms.ActiveCfg = Debug|Any CPU
		{042949F5-8E57-4ED2-8802-15DA102D66C5}.Debug|Mixed Platforms.Build.0 = Debug|Any CPU
		{042949F5-8E57-4ED2-8802-15DA102D66C5}.Debug|x86.ActiveCfg = Debug|Any CPU
		{042949F5-8E57-4ED2-8802-15DA102D66C5}.Release|Any CPU.ActiveCfg = Release|Any CPU
		{042949F5-8E57-4ED2-8802-15DA102D66C5}.Release|Any CPU.Build.0 = Release|Any CPU
		{042949F5-8E57-4ED2-8802-15DA102D66C5}.Release|Mixed Platforms.ActiveCfg = Release|Any CPU
		{042949F5-8E57-4ED2-8802-15DA102D66C5}.Release|Mixed Platforms.Build.0 = Release|Any CPU
		{042949F5-8E57-4ED2-8802-15DA102D66C5}.Release|x86.ActiveCfg = Release|Any CPU
		{F70DC188-8A5B-496C-90B1-1F57012B824A}.Debug|Any CPU.ActiveCfg = Debug|Any CPU
		{F70DC188-8A5B-496C-90B1-1F57012B824A}.Debug|Any CPU.Build.0 = Debug|Any CPU
		{F70DC188-8A5B-496C-90B1-1F57012B824A}.Debug|Mixed Platforms.ActiveCfg = Debug|x86
		{F70DC188-8A5B-496C-90B1-1F57012B824A}.Debug|Mixed Platforms.Build.0 = Debug|x86
		{F70DC188-8A5B-496C-90B1-1F57012B824A}.Debug|x86.ActiveCfg = Debug|x86
		{F70DC188-8A5B-496C-90B1-1F57012B824A}.Debug|x86.Build.0 = Debug|x86
		{F70DC188-8A5B-496C-90B1-1F57012B824A}.Release|Any CPU.ActiveCfg = Release|Any CPU
		{F70DC188-8A5B-496C-90B1-1F57012B824A}.Release|Any CPU.Build.0 = Release|Any CPU
		{F70DC188-8A5B-496C-90B1-1F57012B824A}.Release|Mixed Platforms.ActiveCfg = Release|x86
		{F70DC188-8A5B-496C-90B1-1F57012B824A}.Release|Mixed Platforms.Build.0 = Release|x86
		{F70DC188-8A5B-496C-90B1-1F57012B824A}.Release|x86.ActiveCfg = Release|Any CPU
		{F70DC188-8A5B-496C-90B1-1F57012B824A}.Release|x86.Build.0 = Release|Any CPU
		{65EDE8BC-E46E-41C2-87D9-821802EE9369}.Debug|Any CPU.ActiveCfg = Debug|Any CPU
		{65EDE8BC-E46E-41C2-87D9-821802EE9369}.Debug|Any CPU.Build.0 = Debug|Any CPU
		{65EDE8BC-E46E-41C2-87D9-821802EE9369}.Debug|Mixed Platforms.ActiveCfg = Debug|Any CPU
		{65EDE8BC-E46E-41C2-87D9-821802EE9369}.Debug|Mixed Platforms.Build.0 = Debug|Any CPU
		{65EDE8BC-E46E-41C2-87D9-821802EE9369}.Debug|x86.ActiveCfg = Debug|Any CPU
		{65EDE8BC-E46E-41C2-87D9-821802EE9369}.Debug|x86.Build.0 = Debug|Any CPU
		{65EDE8BC-E46E-41C2-87D9-821802EE9369}.Release|Any CPU.ActiveCfg = Release|Any CPU
		{65EDE8BC-E46E-41C2-87D9-821802EE9369}.Release|Any CPU.Build.0 = Release|Any CPU
		{65EDE8BC-E46E-41C2-87D9-821802EE9369}.Release|Mixed Platforms.ActiveCfg = Release|Any CPU
		{65EDE8BC-E46E-41C2-87D9-821802EE9369}.Release|Mixed Platforms.Build.0 = Release|Any CPU
		{65EDE8BC-E46E-41C2-87D9-821802EE9369}.Release|x86.ActiveCfg = Release|Any CPU
		{65EDE8BC-E46E-41C2-87D9-821802EE9369}.Release|x86.Build.0 = Release|Any CPU
		{75A13B81-9D07-411A-8898-7FCA1407276D}.Debug|Any CPU.ActiveCfg = Debug|Any CPU
		{75A13B81-9D07-411A-8898-7FCA1407276D}.Debug|Any CPU.Build.0 = Debug|Any CPU
		{75A13B81-9D07-411A-8898-7FCA1407276D}.Debug|Mixed Platforms.ActiveCfg = Debug|Any CPU
		{75A13B81-9D07-411A-8898-7FCA1407276D}.Debug|Mixed Platforms.Build.0 = Debug|Any CPU
		{75A13B81-9D07-411A-8898-7FCA1407276D}.Debug|x86.ActiveCfg = Debug|Any CPU
		{75A13B81-9D07-411A-8898-7FCA1407276D}.Debug|x86.Build.0 = Debug|Any CPU
		{75A13B81-9D07-411A-8898-7FCA1407276D}.Release|Any CPU.ActiveCfg = Release|Any CPU
		{75A13B81-9D07-411A-8898-7FCA1407276D}.Release|Any CPU.Build.0 = Release|Any CPU
		{75A13B81-9D07-411A-8898-7FCA1407276D}.Release|Mixed Platforms.ActiveCfg = Release|Any CPU
		{75A13B81-9D07-411A-8898-7FCA1407276D}.Release|Mixed Platforms.Build.0 = Release|Any CPU
		{75A13B81-9D07-411A-8898-7FCA1407276D}.Release|x86.ActiveCfg = Release|Any CPU
		{75A13B81-9D07-411A-8898-7FCA1407276D}.Release|x86.Build.0 = Release|Any CPU
		{AED82932-9FE2-4408-85E0-2242A03E1261}.Debug|Any CPU.ActiveCfg = Debug|Any CPU
		{AED82932-9FE2-4408-85E0-2242A03E1261}.Debug|Any CPU.Build.0 = Debug|Any CPU
		{AED82932-9FE2-4408-85E0-2242A03E1261}.Debug|Mixed Platforms.ActiveCfg = Debug|Any CPU
		{AED82932-9FE2-4408-85E0-2242A03E1261}.Debug|Mixed Platforms.Build.0 = Debug|Any CPU
		{AED82932-9FE2-4408-85E0-2242A03E1261}.Debug|x86.ActiveCfg = Debug|Any CPU
		{AED82932-9FE2-4408-85E0-2242A03E1261}.Debug|x86.Build.0 = Debug|Any CPU
		{AED82932-9FE2-4408-85E0-2242A03E1261}.Release|Any CPU.ActiveCfg = Release|Any CPU
		{AED82932-9FE2-4408-85E0-2242A03E1261}.Release|Any CPU.Build.0 = Release|Any CPU
		{AED82932-9FE2-4408-85E0-2242A03E1261}.Release|Mixed Platforms.ActiveCfg = Release|Any CPU
		{AED82932-9FE2-4408-85E0-2242A03E1261}.Release|Mixed Platforms.Build.0 = Release|Any CPU
		{AED82932-9FE2-4408-85E0-2242A03E1261}.Release|x86.ActiveCfg = Release|Any CPU
		{AED82932-9FE2-4408-85E0-2242A03E1261}.Release|x86.Build.0 = Release|Any CPU
		{48CA6503-0251-4BB7-816D-05D029D5E33A}.Debug|Any CPU.ActiveCfg = Debug|Any CPU
		{48CA6503-0251-4BB7-816D-05D029D5E33A}.Debug|Any CPU.Build.0 = Debug|Any CPU
		{48CA6503-0251-4BB7-816D-05D029D5E33A}.Debug|Mixed Platforms.ActiveCfg = Debug|Any CPU
		{48CA6503-0251-4BB7-816D-05D029D5E33A}.Debug|Mixed Platforms.Build.0 = Debug|Any CPU
		{48CA6503-0251-4BB7-816D-05D029D5E33A}.Debug|x86.ActiveCfg = Debug|Any CPU
		{48CA6503-0251-4BB7-816D-05D029D5E33A}.Debug|x86.Build.0 = Debug|Any CPU
		{48CA6503-0251-4BB7-816D-05D029D5E33A}.Release|Any CPU.ActiveCfg = Release|Any CPU
		{48CA6503-0251-4BB7-816D-05D029D5E33A}.Release|Any CPU.Build.0 = Release|Any CPU
		{48CA6503-0251-4BB7-816D-05D029D5E33A}.Release|Mixed Platforms.ActiveCfg = Release|Any CPU
		{48CA6503-0251-4BB7-816D-05D029D5E33A}.Release|Mixed Platforms.Build.0 = Release|Any CPU
		{48CA6503-0251-4BB7-816D-05D029D5E33A}.Release|x86.ActiveCfg = Release|Any CPU
		{48CA6503-0251-4BB7-816D-05D029D5E33A}.Release|x86.Build.0 = Release|Any CPU
		{FD52E205-2F48-4777-A901-3071DC171130}.Debug|Any CPU.ActiveCfg = Debug|Any CPU
		{FD52E205-2F48-4777-A901-3071DC171130}.Debug|Any CPU.Build.0 = Debug|Any CPU
		{FD52E205-2F48-4777-A901-3071DC171130}.Debug|Mixed Platforms.ActiveCfg = Debug|Any CPU
		{FD52E205-2F48-4777-A901-3071DC171130}.Debug|Mixed Platforms.Build.0 = Debug|Any CPU
		{FD52E205-2F48-4777-A901-3071DC171130}.Debug|x86.ActiveCfg = Debug|Any CPU
		{FD52E205-2F48-4777-A901-3071DC171130}.Debug|x86.Build.0 = Debug|Any CPU
		{FD52E205-2F48-4777-A901-3071DC171130}.Release|Any CPU.ActiveCfg = Release|Any CPU
		{FD52E205-2F48-4777-A901-3071DC171130}.Release|Any CPU.Build.0 = Release|Any CPU
		{FD52E205-2F48-4777-A901-3071DC171130}.Release|Mixed Platforms.ActiveCfg = Release|Any CPU
		{FD52E205-2F48-4777-A901-3071DC171130}.Release|Mixed Platforms.Build.0 = Release|Any CPU
		{FD52E205-2F48-4777-A901-3071DC171130}.Release|x86.ActiveCfg = Release|Any CPU
		{FD52E205-2F48-4777-A901-3071DC171130}.Release|x86.Build.0 = Release|Any CPU
		{3BA5F425-8780-44A7-8C04-A04264F40998}.Debug|Any CPU.ActiveCfg = Debug|Any CPU
		{3BA5F425-8780-44A7-8C04-A04264F40998}.Debug|Any CPU.Build.0 = Debug|Any CPU
		{3BA5F425-8780-44A7-8C04-A04264F40998}.Debug|Mixed Platforms.ActiveCfg = Debug|Any CPU
		{3BA5F425-8780-44A7-8C04-A04264F40998}.Debug|Mixed Platforms.Build.0 = Debug|Any CPU
		{3BA5F425-8780-44A7-8C04-A04264F40998}.Debug|x86.ActiveCfg = Debug|Any CPU
		{3BA5F425-8780-44A7-8C04-A04264F40998}.Debug|x86.Build.0 = Debug|Any CPU
		{3BA5F425-8780-44A7-8C04-A04264F40998}.Release|Any CPU.ActiveCfg = Release|Any CPU
		{3BA5F425-8780-44A7-8C04-A04264F40998}.Release|Any CPU.Build.0 = Release|Any CPU
		{3BA5F425-8780-44A7-8C04-A04264F40998}.Release|Mixed Platforms.ActiveCfg = Release|Any CPU
		{3BA5F425-8780-44A7-8C04-A04264F40998}.Release|Mixed Platforms.Build.0 = Release|Any CPU
		{3BA5F425-8780-44A7-8C04-A04264F40998}.Release|x86.ActiveCfg = Release|Any CPU
		{3BA5F425-8780-44A7-8C04-A04264F40998}.Release|x86.Build.0 = Release|Any CPU
		{1C0CADAF-BF31-487D-A1BA-DC9028A67AF4}.Debug|Any CPU.ActiveCfg = Debug|Any CPU
		{1C0CADAF-BF31-487D-A1BA-DC9028A67AF4}.Debug|Any CPU.Build.0 = Debug|Any CPU
		{1C0CADAF-BF31-487D-A1BA-DC9028A67AF4}.Debug|Mixed Platforms.ActiveCfg = Debug|Any CPU
		{1C0CADAF-BF31-487D-A1BA-DC9028A67AF4}.Debug|Mixed Platforms.Build.0 = Debug|Any CPU
		{1C0CADAF-BF31-487D-A1BA-DC9028A67AF4}.Debug|x86.ActiveCfg = Debug|Any CPU
		{1C0CADAF-BF31-487D-A1BA-DC9028A67AF4}.Debug|x86.Build.0 = Debug|Any CPU
		{1C0CADAF-BF31-487D-A1BA-DC9028A67AF4}.Release|Any CPU.ActiveCfg = Release|Any CPU
		{1C0CADAF-BF31-487D-A1BA-DC9028A67AF4}.Release|Any CPU.Build.0 = Release|Any CPU
		{1C0CADAF-BF31-487D-A1BA-DC9028A67AF4}.Release|Mixed Platforms.ActiveCfg = Release|Any CPU
		{1C0CADAF-BF31-487D-A1BA-DC9028A67AF4}.Release|Mixed Platforms.Build.0 = Release|Any CPU
		{1C0CADAF-BF31-487D-A1BA-DC9028A67AF4}.Release|x86.ActiveCfg = Release|Any CPU
		{1C0CADAF-BF31-487D-A1BA-DC9028A67AF4}.Release|x86.Build.0 = Release|Any CPU
		{CAA0753E-C79C-47D7-86C5-AD257BC9C69A}.Debug|Any CPU.ActiveCfg = Debug|Any CPU
		{CAA0753E-C79C-47D7-86C5-AD257BC9C69A}.Debug|Any CPU.Build.0 = Debug|Any CPU
		{CAA0753E-C79C-47D7-86C5-AD257BC9C69A}.Debug|Mixed Platforms.ActiveCfg = Debug|Any CPU
		{CAA0753E-C79C-47D7-86C5-AD257BC9C69A}.Debug|Mixed Platforms.Build.0 = Debug|Any CPU
		{CAA0753E-C79C-47D7-86C5-AD257BC9C69A}.Debug|x86.ActiveCfg = Debug|Any CPU
		{CAA0753E-C79C-47D7-86C5-AD257BC9C69A}.Debug|x86.Build.0 = Debug|Any CPU
		{CAA0753E-C79C-47D7-86C5-AD257BC9C69A}.Release|Any CPU.ActiveCfg = Release|Any CPU
		{CAA0753E-C79C-47D7-86C5-AD257BC9C69A}.Release|Any CPU.Build.0 = Release|Any CPU
		{CAA0753E-C79C-47D7-86C5-AD257BC9C69A}.Release|Mixed Platforms.ActiveCfg = Release|Any CPU
		{CAA0753E-C79C-47D7-86C5-AD257BC9C69A}.Release|Mixed Platforms.Build.0 = Release|Any CPU
		{CAA0753E-C79C-47D7-86C5-AD257BC9C69A}.Release|x86.ActiveCfg = Release|Any CPU
		{CAA0753E-C79C-47D7-86C5-AD257BC9C69A}.Release|x86.Build.0 = Release|Any CPU
		{16FEA07F-F2B4-4B61-9CBD-22C0A57A892B}.Debug|Any CPU.ActiveCfg = Debug|Any CPU
		{16FEA07F-F2B4-4B61-9CBD-22C0A57A892B}.Debug|Any CPU.Build.0 = Debug|Any CPU
		{16FEA07F-F2B4-4B61-9CBD-22C0A57A892B}.Debug|Mixed Platforms.ActiveCfg = Debug|Any CPU
		{16FEA07F-F2B4-4B61-9CBD-22C0A57A892B}.Debug|Mixed Platforms.Build.0 = Debug|Any CPU
		{16FEA07F-F2B4-4B61-9CBD-22C0A57A892B}.Debug|x86.ActiveCfg = Debug|Any CPU
		{16FEA07F-F2B4-4B61-9CBD-22C0A57A892B}.Debug|x86.Build.0 = Debug|Any CPU
		{16FEA07F-F2B4-4B61-9CBD-22C0A57A892B}.Release|Any CPU.ActiveCfg = Release|Any CPU
		{16FEA07F-F2B4-4B61-9CBD-22C0A57A892B}.Release|Any CPU.Build.0 = Release|Any CPU
		{16FEA07F-F2B4-4B61-9CBD-22C0A57A892B}.Release|Mixed Platforms.ActiveCfg = Release|Any CPU
		{16FEA07F-F2B4-4B61-9CBD-22C0A57A892B}.Release|Mixed Platforms.Build.0 = Release|Any CPU
		{16FEA07F-F2B4-4B61-9CBD-22C0A57A892B}.Release|x86.ActiveCfg = Release|Any CPU
		{16FEA07F-F2B4-4B61-9CBD-22C0A57A892B}.Release|x86.Build.0 = Release|Any CPU
		{0A8EA724-7983-44A1-9CE9-789546EF29A3}.Debug|Any CPU.ActiveCfg = Debug|Any CPU
		{0A8EA724-7983-44A1-9CE9-789546EF29A3}.Debug|Any CPU.Build.0 = Debug|Any CPU
		{0A8EA724-7983-44A1-9CE9-789546EF29A3}.Debug|Mixed Platforms.ActiveCfg = Debug|Any CPU
		{0A8EA724-7983-44A1-9CE9-789546EF29A3}.Debug|Mixed Platforms.Build.0 = Debug|Any CPU
		{0A8EA724-7983-44A1-9CE9-789546EF29A3}.Debug|x86.ActiveCfg = Debug|Any CPU
		{0A8EA724-7983-44A1-9CE9-789546EF29A3}.Debug|x86.Build.0 = Debug|Any CPU
		{0A8EA724-7983-44A1-9CE9-789546EF29A3}.Release|Any CPU.ActiveCfg = Release|Any CPU
		{0A8EA724-7983-44A1-9CE9-789546EF29A3}.Release|Any CPU.Build.0 = Release|Any CPU
		{0A8EA724-7983-44A1-9CE9-789546EF29A3}.Release|Mixed Platforms.ActiveCfg = Release|Any CPU
		{0A8EA724-7983-44A1-9CE9-789546EF29A3}.Release|Mixed Platforms.Build.0 = Release|Any CPU
		{0A8EA724-7983-44A1-9CE9-789546EF29A3}.Release|x86.ActiveCfg = Release|Any CPU
		{0A8EA724-7983-44A1-9CE9-789546EF29A3}.Release|x86.Build.0 = Release|Any CPU
		{E4E8A8CC-0E46-434E-9657-625BBD60C611}.Debug|Any CPU.ActiveCfg = Debug|Any CPU
		{E4E8A8CC-0E46-434E-9657-625BBD60C611}.Debug|Any CPU.Build.0 = Debug|Any CPU
		{E4E8A8CC-0E46-434E-9657-625BBD60C611}.Debug|Mixed Platforms.ActiveCfg = Debug|Any CPU
		{E4E8A8CC-0E46-434E-9657-625BBD60C611}.Debug|Mixed Platforms.Build.0 = Debug|Any CPU
		{E4E8A8CC-0E46-434E-9657-625BBD60C611}.Debug|x86.ActiveCfg = Debug|Any CPU
		{E4E8A8CC-0E46-434E-9657-625BBD60C611}.Debug|x86.Build.0 = Debug|Any CPU
		{E4E8A8CC-0E46-434E-9657-625BBD60C611}.Release|Any CPU.ActiveCfg = Release|Any CPU
		{E4E8A8CC-0E46-434E-9657-625BBD60C611}.Release|Any CPU.Build.0 = Release|Any CPU
		{E4E8A8CC-0E46-434E-9657-625BBD60C611}.Release|Mixed Platforms.ActiveCfg = Release|Any CPU
		{E4E8A8CC-0E46-434E-9657-625BBD60C611}.Release|Mixed Platforms.Build.0 = Release|Any CPU
		{E4E8A8CC-0E46-434E-9657-625BBD60C611}.Release|x86.ActiveCfg = Release|Any CPU
		{E4E8A8CC-0E46-434E-9657-625BBD60C611}.Release|x86.Build.0 = Release|Any CPU
		{8BDC2BAC-ED42-4C80-AC69-3ACD3B28BEFA}.Debug|Any CPU.ActiveCfg = Debug|Any CPU
		{8BDC2BAC-ED42-4C80-AC69-3ACD3B28BEFA}.Debug|Any CPU.Build.0 = Debug|Any CPU
		{8BDC2BAC-ED42-4C80-AC69-3ACD3B28BEFA}.Debug|Mixed Platforms.ActiveCfg = Debug|Any CPU
		{8BDC2BAC-ED42-4C80-AC69-3ACD3B28BEFA}.Debug|Mixed Platforms.Build.0 = Debug|Any CPU
		{8BDC2BAC-ED42-4C80-AC69-3ACD3B28BEFA}.Debug|x86.ActiveCfg = Debug|Any CPU
		{8BDC2BAC-ED42-4C80-AC69-3ACD3B28BEFA}.Debug|x86.Build.0 = Debug|Any CPU
		{8BDC2BAC-ED42-4C80-AC69-3ACD3B28BEFA}.Release|Any CPU.ActiveCfg = Release|Any CPU
		{8BDC2BAC-ED42-4C80-AC69-3ACD3B28BEFA}.Release|Any CPU.Build.0 = Release|Any CPU
		{8BDC2BAC-ED42-4C80-AC69-3ACD3B28BEFA}.Release|Mixed Platforms.ActiveCfg = Release|Any CPU
		{8BDC2BAC-ED42-4C80-AC69-3ACD3B28BEFA}.Release|Mixed Platforms.Build.0 = Release|Any CPU
		{8BDC2BAC-ED42-4C80-AC69-3ACD3B28BEFA}.Release|x86.ActiveCfg = Release|Any CPU
		{8BDC2BAC-ED42-4C80-AC69-3ACD3B28BEFA}.Release|x86.Build.0 = Release|Any CPU
		{EF49DE43-BCCC-4EE8-92DA-58F9A2A5D255}.Debug|Any CPU.ActiveCfg = Debug|Any CPU
		{EF49DE43-BCCC-4EE8-92DA-58F9A2A5D255}.Debug|Any CPU.Build.0 = Debug|Any CPU
		{EF49DE43-BCCC-4EE8-92DA-58F9A2A5D255}.Debug|Mixed Platforms.ActiveCfg = Debug|Any CPU
		{EF49DE43-BCCC-4EE8-92DA-58F9A2A5D255}.Debug|Mixed Platforms.Build.0 = Debug|Any CPU
		{EF49DE43-BCCC-4EE8-92DA-58F9A2A5D255}.Debug|x86.ActiveCfg = Debug|Any CPU
		{EF49DE43-BCCC-4EE8-92DA-58F9A2A5D255}.Debug|x86.Build.0 = Debug|Any CPU
		{EF49DE43-BCCC-4EE8-92DA-58F9A2A5D255}.Release|Any CPU.ActiveCfg = Release|Any CPU
		{EF49DE43-BCCC-4EE8-92DA-58F9A2A5D255}.Release|Any CPU.Build.0 = Release|Any CPU
		{EF49DE43-BCCC-4EE8-92DA-58F9A2A5D255}.Release|Mixed Platforms.ActiveCfg = Release|Any CPU
		{EF49DE43-BCCC-4EE8-92DA-58F9A2A5D255}.Release|Mixed Platforms.Build.0 = Release|Any CPU
		{EF49DE43-BCCC-4EE8-92DA-58F9A2A5D255}.Release|x86.ActiveCfg = Release|Any CPU
		{EF49DE43-BCCC-4EE8-92DA-58F9A2A5D255}.Release|x86.Build.0 = Release|Any CPU
		{A26D82AC-6318-4008-9B74-FC1560C80512}.Debug|Any CPU.ActiveCfg = Debug|Any CPU
		{A26D82AC-6318-4008-9B74-FC1560C80512}.Debug|Any CPU.Build.0 = Debug|Any CPU
		{A26D82AC-6318-4008-9B74-FC1560C80512}.Debug|Mixed Platforms.ActiveCfg = Debug|Any CPU
		{A26D82AC-6318-4008-9B74-FC1560C80512}.Debug|Mixed Platforms.Build.0 = Debug|Any CPU
		{A26D82AC-6318-4008-9B74-FC1560C80512}.Debug|x86.ActiveCfg = Debug|Any CPU
		{A26D82AC-6318-4008-9B74-FC1560C80512}.Debug|x86.Build.0 = Debug|Any CPU
		{A26D82AC-6318-4008-9B74-FC1560C80512}.Release|Any CPU.ActiveCfg = Release|Any CPU
		{A26D82AC-6318-4008-9B74-FC1560C80512}.Release|Any CPU.Build.0 = Release|Any CPU
		{A26D82AC-6318-4008-9B74-FC1560C80512}.Release|Mixed Platforms.ActiveCfg = Release|Any CPU
		{A26D82AC-6318-4008-9B74-FC1560C80512}.Release|Mixed Platforms.Build.0 = Release|Any CPU
		{A26D82AC-6318-4008-9B74-FC1560C80512}.Release|x86.ActiveCfg = Release|Any CPU
		{A26D82AC-6318-4008-9B74-FC1560C80512}.Release|x86.Build.0 = Release|Any CPU
		{A6FC7ECB-8C9B-4B4B-9CF0-2EE6E80BED6B}.Debug|Any CPU.ActiveCfg = Debug|Any CPU
		{A6FC7ECB-8C9B-4B4B-9CF0-2EE6E80BED6B}.Debug|Any CPU.Build.0 = Debug|Any CPU
		{A6FC7ECB-8C9B-4B4B-9CF0-2EE6E80BED6B}.Debug|Mixed Platforms.ActiveCfg = Debug|Any CPU
		{A6FC7ECB-8C9B-4B4B-9CF0-2EE6E80BED6B}.Debug|Mixed Platforms.Build.0 = Debug|Any CPU
		{A6FC7ECB-8C9B-4B4B-9CF0-2EE6E80BED6B}.Debug|x86.ActiveCfg = Debug|Any CPU
		{A6FC7ECB-8C9B-4B4B-9CF0-2EE6E80BED6B}.Debug|x86.Build.0 = Debug|Any CPU
		{A6FC7ECB-8C9B-4B4B-9CF0-2EE6E80BED6B}.Release|Any CPU.ActiveCfg = Release|Any CPU
		{A6FC7ECB-8C9B-4B4B-9CF0-2EE6E80BED6B}.Release|Any CPU.Build.0 = Release|Any CPU
		{A6FC7ECB-8C9B-4B4B-9CF0-2EE6E80BED6B}.Release|Mixed Platforms.ActiveCfg = Release|Any CPU
		{A6FC7ECB-8C9B-4B4B-9CF0-2EE6E80BED6B}.Release|Mixed Platforms.Build.0 = Release|Any CPU
		{A6FC7ECB-8C9B-4B4B-9CF0-2EE6E80BED6B}.Release|x86.ActiveCfg = Release|Any CPU
		{A6FC7ECB-8C9B-4B4B-9CF0-2EE6E80BED6B}.Release|x86.Build.0 = Release|Any CPU
		{BCBD5D68-FC10-48F4-9266-10360EB81137}.Debug|Any CPU.ActiveCfg = Debug|Any CPU
		{BCBD5D68-FC10-48F4-9266-10360EB81137}.Debug|Any CPU.Build.0 = Debug|Any CPU
		{BCBD5D68-FC10-48F4-9266-10360EB81137}.Debug|Mixed Platforms.ActiveCfg = Debug|Any CPU
		{BCBD5D68-FC10-48F4-9266-10360EB81137}.Debug|Mixed Platforms.Build.0 = Debug|Any CPU
		{BCBD5D68-FC10-48F4-9266-10360EB81137}.Debug|x86.ActiveCfg = Debug|Any CPU
		{BCBD5D68-FC10-48F4-9266-10360EB81137}.Debug|x86.Build.0 = Debug|Any CPU
		{BCBD5D68-FC10-48F4-9266-10360EB81137}.Release|Any CPU.ActiveCfg = Release|Any CPU
		{BCBD5D68-FC10-48F4-9266-10360EB81137}.Release|Any CPU.Build.0 = Release|Any CPU
		{BCBD5D68-FC10-48F4-9266-10360EB81137}.Release|Mixed Platforms.ActiveCfg = Release|Any CPU
		{BCBD5D68-FC10-48F4-9266-10360EB81137}.Release|Mixed Platforms.Build.0 = Release|Any CPU
		{BCBD5D68-FC10-48F4-9266-10360EB81137}.Release|x86.ActiveCfg = Release|Any CPU
		{BCBD5D68-FC10-48F4-9266-10360EB81137}.Release|x86.Build.0 = Release|Any CPU
		{F6B90A51-0463-43BE-831C-BB7C89538904}.Debug|Any CPU.ActiveCfg = Debug|Any CPU
		{F6B90A51-0463-43BE-831C-BB7C89538904}.Debug|Any CPU.Build.0 = Debug|Any CPU
		{F6B90A51-0463-43BE-831C-BB7C89538904}.Debug|Mixed Platforms.ActiveCfg = Debug|Any CPU
		{F6B90A51-0463-43BE-831C-BB7C89538904}.Debug|Mixed Platforms.Build.0 = Debug|Any CPU
		{F6B90A51-0463-43BE-831C-BB7C89538904}.Debug|x86.ActiveCfg = Debug|Any CPU
		{F6B90A51-0463-43BE-831C-BB7C89538904}.Debug|x86.Build.0 = Debug|Any CPU
		{F6B90A51-0463-43BE-831C-BB7C89538904}.Release|Any CPU.ActiveCfg = Release|Any CPU
		{F6B90A51-0463-43BE-831C-BB7C89538904}.Release|Any CPU.Build.0 = Release|Any CPU
		{F6B90A51-0463-43BE-831C-BB7C89538904}.Release|Mixed Platforms.ActiveCfg = Release|Any CPU
		{F6B90A51-0463-43BE-831C-BB7C89538904}.Release|Mixed Platforms.Build.0 = Release|Any CPU
		{F6B90A51-0463-43BE-831C-BB7C89538904}.Release|x86.ActiveCfg = Release|Any CPU
		{F6B90A51-0463-43BE-831C-BB7C89538904}.Release|x86.Build.0 = Release|Any CPU
		{71DCD053-3DFD-448F-9C8B-30273F058542}.Debug|Any CPU.ActiveCfg = Debug|Any CPU
		{71DCD053-3DFD-448F-9C8B-30273F058542}.Debug|Any CPU.Build.0 = Debug|Any CPU
		{71DCD053-3DFD-448F-9C8B-30273F058542}.Debug|Mixed Platforms.ActiveCfg = Debug|Any CPU
		{71DCD053-3DFD-448F-9C8B-30273F058542}.Debug|Mixed Platforms.Build.0 = Debug|Any CPU
		{71DCD053-3DFD-448F-9C8B-30273F058542}.Debug|x86.ActiveCfg = Debug|Any CPU
		{71DCD053-3DFD-448F-9C8B-30273F058542}.Debug|x86.Build.0 = Debug|Any CPU
		{71DCD053-3DFD-448F-9C8B-30273F058542}.Release|Any CPU.ActiveCfg = Release|Any CPU
		{71DCD053-3DFD-448F-9C8B-30273F058542}.Release|Any CPU.Build.0 = Release|Any CPU
		{71DCD053-3DFD-448F-9C8B-30273F058542}.Release|Mixed Platforms.ActiveCfg = Release|Any CPU
		{71DCD053-3DFD-448F-9C8B-30273F058542}.Release|Mixed Platforms.Build.0 = Release|Any CPU
		{71DCD053-3DFD-448F-9C8B-30273F058542}.Release|x86.ActiveCfg = Release|Any CPU
		{71DCD053-3DFD-448F-9C8B-30273F058542}.Release|x86.Build.0 = Release|Any CPU
		{5F2CBC92-A5B7-4A96-A69D-2565C152CF55}.Debug|Any CPU.ActiveCfg = Debug|Any CPU
		{5F2CBC92-A5B7-4A96-A69D-2565C152CF55}.Debug|Any CPU.Build.0 = Debug|Any CPU
		{5F2CBC92-A5B7-4A96-A69D-2565C152CF55}.Debug|Mixed Platforms.ActiveCfg = Debug|Any CPU
		{5F2CBC92-A5B7-4A96-A69D-2565C152CF55}.Debug|Mixed Platforms.Build.0 = Debug|Any CPU
		{5F2CBC92-A5B7-4A96-A69D-2565C152CF55}.Debug|x86.ActiveCfg = Debug|Any CPU
		{5F2CBC92-A5B7-4A96-A69D-2565C152CF55}.Debug|x86.Build.0 = Debug|Any CPU
		{5F2CBC92-A5B7-4A96-A69D-2565C152CF55}.Release|Any CPU.ActiveCfg = Release|Any CPU
		{5F2CBC92-A5B7-4A96-A69D-2565C152CF55}.Release|Any CPU.Build.0 = Release|Any CPU
		{5F2CBC92-A5B7-4A96-A69D-2565C152CF55}.Release|Mixed Platforms.ActiveCfg = Release|Any CPU
		{5F2CBC92-A5B7-4A96-A69D-2565C152CF55}.Release|Mixed Platforms.Build.0 = Release|Any CPU
		{5F2CBC92-A5B7-4A96-A69D-2565C152CF55}.Release|x86.ActiveCfg = Release|Any CPU
		{5F2CBC92-A5B7-4A96-A69D-2565C152CF55}.Release|x86.Build.0 = Release|Any CPU
		{F3B18210-FDDA-4385-A96F-CDFB0A01309B}.Debug|Any CPU.ActiveCfg = Debug|Any CPU
		{F3B18210-FDDA-4385-A96F-CDFB0A01309B}.Debug|Any CPU.Build.0 = Debug|Any CPU
		{F3B18210-FDDA-4385-A96F-CDFB0A01309B}.Debug|Mixed Platforms.ActiveCfg = Debug|Any CPU
		{F3B18210-FDDA-4385-A96F-CDFB0A01309B}.Debug|Mixed Platforms.Build.0 = Debug|Any CPU
		{F3B18210-FDDA-4385-A96F-CDFB0A01309B}.Debug|x86.ActiveCfg = Debug|Any CPU
		{F3B18210-FDDA-4385-A96F-CDFB0A01309B}.Debug|x86.Build.0 = Debug|Any CPU
		{F3B18210-FDDA-4385-A96F-CDFB0A01309B}.Release|Any CPU.ActiveCfg = Release|Any CPU
		{F3B18210-FDDA-4385-A96F-CDFB0A01309B}.Release|Any CPU.Build.0 = Release|Any CPU
		{F3B18210-FDDA-4385-A96F-CDFB0A01309B}.Release|Mixed Platforms.ActiveCfg = Release|Any CPU
		{F3B18210-FDDA-4385-A96F-CDFB0A01309B}.Release|Mixed Platforms.Build.0 = Release|Any CPU
		{F3B18210-FDDA-4385-A96F-CDFB0A01309B}.Release|x86.ActiveCfg = Release|Any CPU
		{F3B18210-FDDA-4385-A96F-CDFB0A01309B}.Release|x86.Build.0 = Release|Any CPU
		{B528C7B8-4A5C-4301-9BCD-0EE278711FD1}.Debug|Any CPU.ActiveCfg = Debug|Any CPU
		{B528C7B8-4A5C-4301-9BCD-0EE278711FD1}.Debug|Any CPU.Build.0 = Debug|Any CPU
		{B528C7B8-4A5C-4301-9BCD-0EE278711FD1}.Debug|Mixed Platforms.ActiveCfg = Debug|Any CPU
		{B528C7B8-4A5C-4301-9BCD-0EE278711FD1}.Debug|Mixed Platforms.Build.0 = Debug|Any CPU
		{B528C7B8-4A5C-4301-9BCD-0EE278711FD1}.Debug|x86.ActiveCfg = Debug|Any CPU
		{B528C7B8-4A5C-4301-9BCD-0EE278711FD1}.Debug|x86.Build.0 = Debug|Any CPU
		{B528C7B8-4A5C-4301-9BCD-0EE278711FD1}.Release|Any CPU.ActiveCfg = Release|Any CPU
		{B528C7B8-4A5C-4301-9BCD-0EE278711FD1}.Release|Any CPU.Build.0 = Release|Any CPU
		{B528C7B8-4A5C-4301-9BCD-0EE278711FD1}.Release|Mixed Platforms.ActiveCfg = Release|Any CPU
		{B528C7B8-4A5C-4301-9BCD-0EE278711FD1}.Release|Mixed Platforms.Build.0 = Release|Any CPU
		{B528C7B8-4A5C-4301-9BCD-0EE278711FD1}.Release|x86.ActiveCfg = Release|Any CPU
		{B528C7B8-4A5C-4301-9BCD-0EE278711FD1}.Release|x86.Build.0 = Release|Any CPU
		{9AC47280-C617-4F8A-8A2C-C467B7F922F5}.Debug|Any CPU.ActiveCfg = Debug|Any CPU
		{9AC47280-C617-4F8A-8A2C-C467B7F922F5}.Debug|Any CPU.Build.0 = Debug|Any CPU
		{9AC47280-C617-4F8A-8A2C-C467B7F922F5}.Debug|Mixed Platforms.ActiveCfg = Debug|Any CPU
		{9AC47280-C617-4F8A-8A2C-C467B7F922F5}.Debug|Mixed Platforms.Build.0 = Debug|Any CPU
		{9AC47280-C617-4F8A-8A2C-C467B7F922F5}.Debug|x86.ActiveCfg = Debug|Any CPU
		{9AC47280-C617-4F8A-8A2C-C467B7F922F5}.Debug|x86.Build.0 = Debug|Any CPU
		{9AC47280-C617-4F8A-8A2C-C467B7F922F5}.Release|Any CPU.ActiveCfg = Release|Any CPU
		{9AC47280-C617-4F8A-8A2C-C467B7F922F5}.Release|Any CPU.Build.0 = Release|Any CPU
		{9AC47280-C617-4F8A-8A2C-C467B7F922F5}.Release|Mixed Platforms.ActiveCfg = Release|Any CPU
		{9AC47280-C617-4F8A-8A2C-C467B7F922F5}.Release|Mixed Platforms.Build.0 = Release|Any CPU
		{9AC47280-C617-4F8A-8A2C-C467B7F922F5}.Release|x86.ActiveCfg = Release|Any CPU
		{9AC47280-C617-4F8A-8A2C-C467B7F922F5}.Release|x86.Build.0 = Release|Any CPU
		{274EA230-1C46-4B6A-B28E-A34E2BF2D9AE}.Debug|Any CPU.ActiveCfg = Debug|Any CPU
		{274EA230-1C46-4B6A-B28E-A34E2BF2D9AE}.Debug|Any CPU.Build.0 = Debug|Any CPU
		{274EA230-1C46-4B6A-B28E-A34E2BF2D9AE}.Debug|Mixed Platforms.ActiveCfg = Debug|Any CPU
		{274EA230-1C46-4B6A-B28E-A34E2BF2D9AE}.Debug|Mixed Platforms.Build.0 = Debug|Any CPU
		{274EA230-1C46-4B6A-B28E-A34E2BF2D9AE}.Debug|x86.ActiveCfg = Debug|Any CPU
		{274EA230-1C46-4B6A-B28E-A34E2BF2D9AE}.Debug|x86.Build.0 = Debug|Any CPU
		{274EA230-1C46-4B6A-B28E-A34E2BF2D9AE}.Release|Any CPU.ActiveCfg = Release|Any CPU
		{274EA230-1C46-4B6A-B28E-A34E2BF2D9AE}.Release|Any CPU.Build.0 = Release|Any CPU
		{274EA230-1C46-4B6A-B28E-A34E2BF2D9AE}.Release|Mixed Platforms.ActiveCfg = Release|Any CPU
		{274EA230-1C46-4B6A-B28E-A34E2BF2D9AE}.Release|Mixed Platforms.Build.0 = Release|Any CPU
		{274EA230-1C46-4B6A-B28E-A34E2BF2D9AE}.Release|x86.ActiveCfg = Release|Any CPU
		{274EA230-1C46-4B6A-B28E-A34E2BF2D9AE}.Release|x86.Build.0 = Release|Any CPU
		{1BD8D261-2EA8-41A4-A17C-2A9ACB27374A}.Debug|Any CPU.ActiveCfg = Debug|Any CPU
		{1BD8D261-2EA8-41A4-A17C-2A9ACB27374A}.Debug|Any CPU.Build.0 = Debug|Any CPU
		{1BD8D261-2EA8-41A4-A17C-2A9ACB27374A}.Debug|Mixed Platforms.ActiveCfg = Debug|Any CPU
		{1BD8D261-2EA8-41A4-A17C-2A9ACB27374A}.Debug|Mixed Platforms.Build.0 = Debug|Any CPU
		{1BD8D261-2EA8-41A4-A17C-2A9ACB27374A}.Debug|x86.ActiveCfg = Debug|Any CPU
		{1BD8D261-2EA8-41A4-A17C-2A9ACB27374A}.Debug|x86.Build.0 = Debug|Any CPU
		{1BD8D261-2EA8-41A4-A17C-2A9ACB27374A}.Release|Any CPU.ActiveCfg = Release|Any CPU
		{1BD8D261-2EA8-41A4-A17C-2A9ACB27374A}.Release|Any CPU.Build.0 = Release|Any CPU
		{1BD8D261-2EA8-41A4-A17C-2A9ACB27374A}.Release|Mixed Platforms.ActiveCfg = Release|Any CPU
		{1BD8D261-2EA8-41A4-A17C-2A9ACB27374A}.Release|Mixed Platforms.Build.0 = Release|Any CPU
		{1BD8D261-2EA8-41A4-A17C-2A9ACB27374A}.Release|x86.ActiveCfg = Release|Any CPU
		{1BD8D261-2EA8-41A4-A17C-2A9ACB27374A}.Release|x86.Build.0 = Release|Any CPU
		{EDDCF5B1-F4DF-44B1-8267-51E738EE6022}.Debug|Any CPU.ActiveCfg = Debug|Any CPU
		{EDDCF5B1-F4DF-44B1-8267-51E738EE6022}.Debug|Any CPU.Build.0 = Debug|Any CPU
		{EDDCF5B1-F4DF-44B1-8267-51E738EE6022}.Debug|Mixed Platforms.ActiveCfg = Debug|Any CPU
		{EDDCF5B1-F4DF-44B1-8267-51E738EE6022}.Debug|Mixed Platforms.Build.0 = Debug|Any CPU
		{EDDCF5B1-F4DF-44B1-8267-51E738EE6022}.Debug|x86.ActiveCfg = Debug|Any CPU
		{EDDCF5B1-F4DF-44B1-8267-51E738EE6022}.Debug|x86.Build.0 = Debug|Any CPU
		{EDDCF5B1-F4DF-44B1-8267-51E738EE6022}.Release|Any CPU.ActiveCfg = Release|Any CPU
		{EDDCF5B1-F4DF-44B1-8267-51E738EE6022}.Release|Any CPU.Build.0 = Release|Any CPU
		{EDDCF5B1-F4DF-44B1-8267-51E738EE6022}.Release|Mixed Platforms.ActiveCfg = Release|Any CPU
		{EDDCF5B1-F4DF-44B1-8267-51E738EE6022}.Release|Mixed Platforms.Build.0 = Release|Any CPU
		{EDDCF5B1-F4DF-44B1-8267-51E738EE6022}.Release|x86.ActiveCfg = Release|Any CPU
		{EDDCF5B1-F4DF-44B1-8267-51E738EE6022}.Release|x86.Build.0 = Release|Any CPU
		{9B4FEADE-133F-4B69-9AE8-42D93E0927B9}.Debug|Any CPU.ActiveCfg = Debug|Any CPU
		{9B4FEADE-133F-4B69-9AE8-42D93E0927B9}.Debug|Any CPU.Build.0 = Debug|Any CPU
		{9B4FEADE-133F-4B69-9AE8-42D93E0927B9}.Debug|Mixed Platforms.ActiveCfg = Debug|Any CPU
		{9B4FEADE-133F-4B69-9AE8-42D93E0927B9}.Debug|Mixed Platforms.Build.0 = Debug|Any CPU
		{9B4FEADE-133F-4B69-9AE8-42D93E0927B9}.Debug|x86.ActiveCfg = Debug|Any CPU
		{9B4FEADE-133F-4B69-9AE8-42D93E0927B9}.Debug|x86.Build.0 = Debug|Any CPU
		{9B4FEADE-133F-4B69-9AE8-42D93E0927B9}.Release|Any CPU.ActiveCfg = Release|Any CPU
		{9B4FEADE-133F-4B69-9AE8-42D93E0927B9}.Release|Any CPU.Build.0 = Release|Any CPU
		{9B4FEADE-133F-4B69-9AE8-42D93E0927B9}.Release|Mixed Platforms.ActiveCfg = Release|Any CPU
		{9B4FEADE-133F-4B69-9AE8-42D93E0927B9}.Release|Mixed Platforms.Build.0 = Release|Any CPU
		{9B4FEADE-133F-4B69-9AE8-42D93E0927B9}.Release|x86.ActiveCfg = Release|Any CPU
		{9B4FEADE-133F-4B69-9AE8-42D93E0927B9}.Release|x86.Build.0 = Release|Any CPU
		{0DE1EC9E-37D3-4323-AD68-FD4A4F886490}.Debug|Any CPU.ActiveCfg = Debug|Any CPU
		{0DE1EC9E-37D3-4323-AD68-FD4A4F886490}.Debug|Any CPU.Build.0 = Debug|Any CPU
		{0DE1EC9E-37D3-4323-AD68-FD4A4F886490}.Debug|Mixed Platforms.ActiveCfg = Debug|Any CPU
		{0DE1EC9E-37D3-4323-AD68-FD4A4F886490}.Debug|Mixed Platforms.Build.0 = Debug|Any CPU
		{0DE1EC9E-37D3-4323-AD68-FD4A4F886490}.Debug|x86.ActiveCfg = Debug|Any CPU
		{0DE1EC9E-37D3-4323-AD68-FD4A4F886490}.Debug|x86.Build.0 = Debug|Any CPU
		{0DE1EC9E-37D3-4323-AD68-FD4A4F886490}.Release|Any CPU.ActiveCfg = Release|Any CPU
		{0DE1EC9E-37D3-4323-AD68-FD4A4F886490}.Release|Any CPU.Build.0 = Release|Any CPU
		{0DE1EC9E-37D3-4323-AD68-FD4A4F886490}.Release|Mixed Platforms.ActiveCfg = Release|Any CPU
		{0DE1EC9E-37D3-4323-AD68-FD4A4F886490}.Release|Mixed Platforms.Build.0 = Release|Any CPU
		{0DE1EC9E-37D3-4323-AD68-FD4A4F886490}.Release|x86.ActiveCfg = Release|Any CPU
		{0DE1EC9E-37D3-4323-AD68-FD4A4F886490}.Release|x86.Build.0 = Release|Any CPU
		{3427B6E3-AA46-46B7-A7F1-9C787128E50C}.Debug|Any CPU.ActiveCfg = Debug|Any CPU
		{3427B6E3-AA46-46B7-A7F1-9C787128E50C}.Debug|Any CPU.Build.0 = Debug|Any CPU
		{3427B6E3-AA46-46B7-A7F1-9C787128E50C}.Debug|Mixed Platforms.ActiveCfg = Debug|x86
		{3427B6E3-AA46-46B7-A7F1-9C787128E50C}.Debug|Mixed Platforms.Build.0 = Debug|x86
		{3427B6E3-AA46-46B7-A7F1-9C787128E50C}.Debug|x86.ActiveCfg = Debug|x86
		{3427B6E3-AA46-46B7-A7F1-9C787128E50C}.Debug|x86.Build.0 = Debug|x86
		{3427B6E3-AA46-46B7-A7F1-9C787128E50C}.Release|Any CPU.ActiveCfg = Release|x86
		{3427B6E3-AA46-46B7-A7F1-9C787128E50C}.Release|Mixed Platforms.ActiveCfg = Release|x86
		{3427B6E3-AA46-46B7-A7F1-9C787128E50C}.Release|Mixed Platforms.Build.0 = Release|x86
		{3427B6E3-AA46-46B7-A7F1-9C787128E50C}.Release|x86.ActiveCfg = Release|x86
		{3427B6E3-AA46-46B7-A7F1-9C787128E50C}.Release|x86.Build.0 = Release|x86
		{18A657C4-72BA-43C5-AEC9-C03D440A5568}.Debug|Any CPU.ActiveCfg = Debug|Any CPU
		{18A657C4-72BA-43C5-AEC9-C03D440A5568}.Debug|Any CPU.Build.0 = Debug|Any CPU
		{18A657C4-72BA-43C5-AEC9-C03D440A5568}.Debug|Mixed Platforms.ActiveCfg = Debug|x86
		{18A657C4-72BA-43C5-AEC9-C03D440A5568}.Debug|Mixed Platforms.Build.0 = Debug|x86
		{18A657C4-72BA-43C5-AEC9-C03D440A5568}.Debug|x86.ActiveCfg = Debug|x86
		{18A657C4-72BA-43C5-AEC9-C03D440A5568}.Debug|x86.Build.0 = Debug|x86
		{18A657C4-72BA-43C5-AEC9-C03D440A5568}.Release|Any CPU.ActiveCfg = Release|x86
		{18A657C4-72BA-43C5-AEC9-C03D440A5568}.Release|Mixed Platforms.ActiveCfg = Release|x86
		{18A657C4-72BA-43C5-AEC9-C03D440A5568}.Release|Mixed Platforms.Build.0 = Release|x86
		{18A657C4-72BA-43C5-AEC9-C03D440A5568}.Release|x86.ActiveCfg = Release|x86
		{18A657C4-72BA-43C5-AEC9-C03D440A5568}.Release|x86.Build.0 = Release|x86
	EndGlobalSection
	GlobalSection(SolutionProperties) = preSolution
		HideSolutionNode = FALSE
	EndGlobalSection
	GlobalSection(NestedProjects) = preSolution
		{8F32143D-B4B1-4957-8FF9-4792C9D0C701} = {3A859191-82AC-47CD-BD35-95F0C2722EC8}
		{C8A325C9-5193-4819-9668-03F70904C9B7} = {B5DE1B89-F59F-4112-9DB3-F1DAFD3A5F1E}
		{F2FD2A84-B0DC-4161-AA4C-6DBC8976DB78} = {E9726BBF-A312-485B-80E8-625CB26265B9}
		{0A41D8F7-3857-4F53-8CB6-BBD1CD823FDF} = {45B9062A-05F6-492A-9967-61CF8E3AC10E}
		{988CB0D3-BA66-4A22-98EB-F5886CF030D6} = {3A859191-82AC-47CD-BD35-95F0C2722EC8}
		{1C355679-EA1B-4208-A1EF-1D2C2099E5DA} = {04E277F8-B53A-48C1-8EE5-8FFC8D092364}
		{184B2493-2099-4FF3-A351-929183DB31FF} = {389F3ADE-0AE2-4629-8E6D-F42BE3064CA8}
		{50AD38C6-8813-4981-B719-6B026C3DD50B} = {451840B0-1450-40E9-8465-DB6D813F2CC1}
		{FB3ECE96-28FF-457F-96A0-FDAEB6D9FA92} = {3A859191-82AC-47CD-BD35-95F0C2722EC8}
		{042949F5-8E57-4ED2-8802-15DA102D66C5} = {389F3ADE-0AE2-4629-8E6D-F42BE3064CA8}
		{F70DC188-8A5B-496C-90B1-1F57012B824A} = {3A859191-82AC-47CD-BD35-95F0C2722EC8}
		{65EDE8BC-E46E-41C2-87D9-821802EE9369} = {451840B0-1450-40E9-8465-DB6D813F2CC1}
		{75A13B81-9D07-411A-8898-7FCA1407276D} = {F9446512-A7A6-4B1D-995A-9EEF1D41DB30}
		{AED82932-9FE2-4408-85E0-2242A03E1261} = {77D56EA4-03D6-45F7-B8F6-7E95B6B79CA7}
		{48CA6503-0251-4BB7-816D-05D029D5E33A} = {451840B0-1450-40E9-8465-DB6D813F2CC1}
		{FD52E205-2F48-4777-A901-3071DC171130} = {417A257C-555A-4DC6-A76B-928A508CF136}
		{3BA5F425-8780-44A7-8C04-A04264F40998} = {69C86F9D-C93D-4629-9BEC-26C67DB3E3D4}
		{1C0CADAF-BF31-487D-A1BA-DC9028A67AF4} = {F9446512-A7A6-4B1D-995A-9EEF1D41DB30}
		{CAA0753E-C79C-47D7-86C5-AD257BC9C69A} = {417A257C-555A-4DC6-A76B-928A508CF136}
		{16FEA07F-F2B4-4B61-9CBD-22C0A57A892B} = {43C70BAA-B55F-4C02-9AB8-1C7CB185F3D4}
		{0A8EA724-7983-44A1-9CE9-789546EF29A3} = {3A859191-82AC-47CD-BD35-95F0C2722EC8}
		{E4E8A8CC-0E46-434E-9657-625BBD60C611} = {6D4F3502-1E02-420D-9772-F670D021CA4E}
		{8BDC2BAC-ED42-4C80-AC69-3ACD3B28BEFA} = {8BD294C2-FE8E-4FFC-833E-A02BF46EF1C9}
		{EF49DE43-BCCC-4EE8-92DA-58F9A2A5D255} = {B5DE1B89-F59F-4112-9DB3-F1DAFD3A5F1E}
		{A26D82AC-6318-4008-9B74-FC1560C80512} = {3A859191-82AC-47CD-BD35-95F0C2722EC8}
		{A6FC7ECB-8C9B-4B4B-9CF0-2EE6E80BED6B} = {3A859191-82AC-47CD-BD35-95F0C2722EC8}
		{BCBD5D68-FC10-48F4-9266-10360EB81137} = {43C70BAA-B55F-4C02-9AB8-1C7CB185F3D4}
		{F6B90A51-0463-43BE-831C-BB7C89538904} = {8BD294C2-FE8E-4FFC-833E-A02BF46EF1C9}
		{71DCD053-3DFD-448F-9C8B-30273F058542} = {43C70BAA-B55F-4C02-9AB8-1C7CB185F3D4}
		{5F2CBC92-A5B7-4A96-A69D-2565C152CF55} = {E9726BBF-A312-485B-80E8-625CB26265B9}
		{F3B18210-FDDA-4385-A96F-CDFB0A01309B} = {3A859191-82AC-47CD-BD35-95F0C2722EC8}
		{B528C7B8-4A5C-4301-9BCD-0EE278711FD1} = {3A859191-82AC-47CD-BD35-95F0C2722EC8}
		{9AC47280-C617-4F8A-8A2C-C467B7F922F5} = {417A257C-555A-4DC6-A76B-928A508CF136}
		{274EA230-1C46-4B6A-B28E-A34E2BF2D9AE} = {417A257C-555A-4DC6-A76B-928A508CF136}
		{1BD8D261-2EA8-41A4-A17C-2A9ACB27374A} = {F9446512-A7A6-4B1D-995A-9EEF1D41DB30}
		{EDDCF5B1-F4DF-44B1-8267-51E738EE6022} = {3A859191-82AC-47CD-BD35-95F0C2722EC8}
		{9B4FEADE-133F-4B69-9AE8-42D93E0927B9} = {3A859191-82AC-47CD-BD35-95F0C2722EC8}
		{0DE1EC9E-37D3-4323-AD68-FD4A4F886490} = {389F3ADE-0AE2-4629-8E6D-F42BE3064CA8}
		{3427B6E3-AA46-46B7-A7F1-9C787128E50C} = {05B4B14F-C551-4D83-A94E-7DED82E9459B}
		{18A657C4-72BA-43C5-AEC9-C03D440A5568} = {05B4B14F-C551-4D83-A94E-7DED82E9459B}
	EndGlobalSection
	GlobalSection(ExtensibilityGlobals) = postSolution
		SolutionGuid = {9995435E-AB59-47BE-9090-2A1DB2B69497}
	EndGlobalSection
EndGlobal
