
Microsoft Visual Studio Solution File, Format Version 12.00
# Visual Studio 2010
Project("{FAE04EC0-301F-11D3-BF4B-00C04F79EFBC}") = "ByteMangleTest", "Energy.Core.Example\ByteMangleTest\ByteMangleTest.csproj", "{8F32143D-B4B1-4957-8FF9-4792C9D0C701}"
EndProject
Project("{FAE04EC0-301F-11D3-BF4B-00C04F79EFBC}") = "Energy.Core", "Energy.Core\Energy.Core.csproj", "{C8A325C9-5193-4819-9668-03F70904C9B7}"
EndProject
Project("{FAE04EC0-301F-11D3-BF4B-00C04F79EFBC}") = "MySqlConnection", "Energy.Core.Example\MySqlConnection\MySqlConnection.csproj", "{C7F68FAF-C523-440E-969D-D0897FD8F98B}"
EndProject
Project("{FAE04EC0-301F-11D3-BF4B-00C04F79EFBC}") = "NLogFileUsage", "Energy.Core.Example\NLogFileUsage\NLogFileUsage.csproj", "{F2FD2A84-B0DC-4161-AA4C-6DBC8976DB78}"
EndProject
Project("{FAE04EC0-301F-11D3-BF4B-00C04F79EFBC}") = "WorkerCreateSimple", "Energy.Core.Example\WorkerCreateSimple\WorkerCreateSimple.csproj", "{0A41D8F7-3857-4F53-8CB6-BBD1CD823FDF}"
EndProject
Project("{FAE04EC0-301F-11D3-BF4B-00C04F79EFBC}") = "StringDictionary", "Energy.Core.Example\StringDictionary\StringDictionary.csproj", "{988CB0D3-BA66-4A22-98EB-F5886CF030D6}"
EndProject
Project("{FAE04EC0-301F-11D3-BF4B-00C04F79EFBC}") = "SqlServerPlainReport", "Energy.Core.Example\SqlServerPlainReport\SqlServerPlainReport.csproj", "{AEBA97A5-64ED-4403-88C2-197395CBFC74}"
EndProject
Project("{FAE04EC0-301F-11D3-BF4B-00C04F79EFBC}") = "SQLiteCreateExample", "Energy.Core.Example\SQLiteCreateExample\SQLiteCreateExample.csproj", "{EA62A0D7-D2AC-47AB-A58B-655F6C9D2809}"
EndProject
Project("{FAE04EC0-301F-11D3-BF4B-00C04F79EFBC}") = "DocumentationStartup", "Energy.Core.Example\DocumentationStartup\DocumentationStartup.csproj", "{1C355679-EA1B-4208-A1EF-1D2C2099E5DA}"
EndProject
Project("{FAE04EC0-301F-11D3-BF4B-00C04F79EFBC}") = "ProcessListSimple", "Energy.Core.Example\ProcessListSimple\ProcessListSimple.csproj", "{184B2493-2099-4FF3-A351-929183DB31FF}"
EndProject
Project("{FAE04EC0-301F-11D3-BF4B-00C04F79EFBC}") = "FileNameFunctionsDemo", "Energy.Core.Example\FileNameFunctionsDemo\FileNameFunctionsDemo.csproj", "{50AD38C6-8813-4981-B719-6B026C3DD50B}"
EndProject
Project("{FAE04EC0-301F-11D3-BF4B-00C04F79EFBC}") = "TildeLineDimension", "Energy.Core.Example\TildeLineDimension\TildeLineDimension.csproj", "{6C4EBA25-753D-48C3-8D68-38F36D34E89B}"
EndProject
Project("{FAE04EC0-301F-11D3-BF4B-00C04F79EFBC}") = "ByteArrayBenchmark", "Energy.Core.Example\ByteArrayBenchmark\ByteArrayBenchmark.csproj", "{FB3ECE96-28FF-457F-96A0-FDAEB6D9FA92}"
EndProject
Project("{FAE04EC0-301F-11D3-BF4B-00C04F79EFBC}") = "MemorySizeInKB", "Energy.Core.Example\MemorySizeInKB\MemorySizeInKB.csproj", "{042949F5-8E57-4ED2-8802-15DA102D66C5}"
EndProject
Project("{FAE04EC0-301F-11D3-BF4B-00C04F79EFBC}") = "NancyApplicationApi", "Energy.Core.Example\NancyApplicationApi\NancyApplicationApi.csproj", "{C9F9025A-A2CC-4299-A254-23647BE9C691}"
EndProject
Global
	GlobalSection(SolutionConfigurationPlatforms) = preSolution
		Debug|Any CPU = Debug|Any CPU
		Release|Any CPU = Release|Any CPU
	EndGlobalSection
	GlobalSection(ProjectConfigurationPlatforms) = postSolution
		{8F32143D-B4B1-4957-8FF9-4792C9D0C701}.Debug|Any CPU.ActiveCfg = Debug|Any CPU
		{8F32143D-B4B1-4957-8FF9-4792C9D0C701}.Debug|Any CPU.Build.0 = Debug|Any CPU
		{8F32143D-B4B1-4957-8FF9-4792C9D0C701}.Release|Any CPU.ActiveCfg = Release|Any CPU
		{8F32143D-B4B1-4957-8FF9-4792C9D0C701}.Release|Any CPU.Build.0 = Release|Any CPU
		{C8A325C9-5193-4819-9668-03F70904C9B7}.Debug|Any CPU.ActiveCfg = Debug|Any CPU
		{C8A325C9-5193-4819-9668-03F70904C9B7}.Debug|Any CPU.Build.0 = Debug|Any CPU
		{C8A325C9-5193-4819-9668-03F70904C9B7}.Release|Any CPU.ActiveCfg = Release|Any CPU
		{C8A325C9-5193-4819-9668-03F70904C9B7}.Release|Any CPU.Build.0 = Release|Any CPU
		{C7F68FAF-C523-440E-969D-D0897FD8F98B}.Debug|Any CPU.ActiveCfg = Debug|Any CPU
		{C7F68FAF-C523-440E-969D-D0897FD8F98B}.Debug|Any CPU.Build.0 = Debug|Any CPU
		{C7F68FAF-C523-440E-969D-D0897FD8F98B}.Release|Any CPU.ActiveCfg = Release|Any CPU
		{C7F68FAF-C523-440E-969D-D0897FD8F98B}.Release|Any CPU.Build.0 = Release|Any CPU
		{F2FD2A84-B0DC-4161-AA4C-6DBC8976DB78}.Debug|Any CPU.ActiveCfg = Debug|Any CPU
		{F2FD2A84-B0DC-4161-AA4C-6DBC8976DB78}.Debug|Any CPU.Build.0 = Debug|Any CPU
		{F2FD2A84-B0DC-4161-AA4C-6DBC8976DB78}.Release|Any CPU.ActiveCfg = Release|Any CPU
		{F2FD2A84-B0DC-4161-AA4C-6DBC8976DB78}.Release|Any CPU.Build.0 = Release|Any CPU
		{0A41D8F7-3857-4F53-8CB6-BBD1CD823FDF}.Debug|Any CPU.ActiveCfg = Debug|Any CPU
		{0A41D8F7-3857-4F53-8CB6-BBD1CD823FDF}.Debug|Any CPU.Build.0 = Debug|Any CPU
		{0A41D8F7-3857-4F53-8CB6-BBD1CD823FDF}.Release|Any CPU.ActiveCfg = Release|Any CPU
		{0A41D8F7-3857-4F53-8CB6-BBD1CD823FDF}.Release|Any CPU.Build.0 = Release|Any CPU
		{988CB0D3-BA66-4A22-98EB-F5886CF030D6}.Debug|Any CPU.ActiveCfg = Debug|Any CPU
		{988CB0D3-BA66-4A22-98EB-F5886CF030D6}.Debug|Any CPU.Build.0 = Debug|Any CPU
		{988CB0D3-BA66-4A22-98EB-F5886CF030D6}.Release|Any CPU.ActiveCfg = Release|Any CPU
		{988CB0D3-BA66-4A22-98EB-F5886CF030D6}.Release|Any CPU.Build.0 = Release|Any CPU
		{AEBA97A5-64ED-4403-88C2-197395CBFC74}.Debug|Any CPU.ActiveCfg = Debug|Any CPU
		{AEBA97A5-64ED-4403-88C2-197395CBFC74}.Debug|Any CPU.Build.0 = Debug|Any CPU
		{AEBA97A5-64ED-4403-88C2-197395CBFC74}.Release|Any CPU.ActiveCfg = Release|Any CPU
		{AEBA97A5-64ED-4403-88C2-197395CBFC74}.Release|Any CPU.Build.0 = Release|Any CPU
		{EA62A0D7-D2AC-47AB-A58B-655F6C9D2809}.Debug|Any CPU.ActiveCfg = Debug|Any CPU
		{EA62A0D7-D2AC-47AB-A58B-655F6C9D2809}.Debug|Any CPU.Build.0 = Debug|Any CPU
		{EA62A0D7-D2AC-47AB-A58B-655F6C9D2809}.Release|Any CPU.ActiveCfg = Release|Any CPU
		{EA62A0D7-D2AC-47AB-A58B-655F6C9D2809}.Release|Any CPU.Build.0 = Release|Any CPU
		{1C355679-EA1B-4208-A1EF-1D2C2099E5DA}.Debug|Any CPU.ActiveCfg = Debug|Any CPU
		{1C355679-EA1B-4208-A1EF-1D2C2099E5DA}.Debug|Any CPU.Build.0 = Debug|Any CPU
		{1C355679-EA1B-4208-A1EF-1D2C2099E5DA}.Release|Any CPU.ActiveCfg = Release|Any CPU
		{1C355679-EA1B-4208-A1EF-1D2C2099E5DA}.Release|Any CPU.Build.0 = Release|Any CPU
		{184B2493-2099-4FF3-A351-929183DB31FF}.Debug|Any CPU.ActiveCfg = Debug|Any CPU
		{184B2493-2099-4FF3-A351-929183DB31FF}.Debug|Any CPU.Build.0 = Debug|Any CPU
		{184B2493-2099-4FF3-A351-929183DB31FF}.Release|Any CPU.ActiveCfg = Release|Any CPU
		{184B2493-2099-4FF3-A351-929183DB31FF}.Release|Any CPU.Build.0 = Release|Any CPU
		{50AD38C6-8813-4981-B719-6B026C3DD50B}.Debug|Any CPU.ActiveCfg = Debug|Any CPU
		{50AD38C6-8813-4981-B719-6B026C3DD50B}.Debug|Any CPU.Build.0 = Debug|Any CPU
		{50AD38C6-8813-4981-B719-6B026C3DD50B}.Release|Any CPU.ActiveCfg = Release|Any CPU
		{50AD38C6-8813-4981-B719-6B026C3DD50B}.Release|Any CPU.Build.0 = Release|Any CPU
		{6C4EBA25-753D-48C3-8D68-38F36D34E89B}.Debug|Any CPU.ActiveCfg = Debug|Any CPU
		{6C4EBA25-753D-48C3-8D68-38F36D34E89B}.Debug|Any CPU.Build.0 = Debug|Any CPU
		{6C4EBA25-753D-48C3-8D68-38F36D34E89B}.Release|Any CPU.ActiveCfg = Release|Any CPU
		{6C4EBA25-753D-48C3-8D68-38F36D34E89B}.Release|Any CPU.Build.0 = Release|Any CPU
		{FB3ECE96-28FF-457F-96A0-FDAEB6D9FA92}.Debug|Any CPU.ActiveCfg = Debug|Any CPU
		{FB3ECE96-28FF-457F-96A0-FDAEB6D9FA92}.Debug|Any CPU.Build.0 = Debug|Any CPU
		{FB3ECE96-28FF-457F-96A0-FDAEB6D9FA92}.Release|Any CPU.ActiveCfg = Release|Any CPU
		{FB3ECE96-28FF-457F-96A0-FDAEB6D9FA92}.Release|Any CPU.Build.0 = Release|Any CPU
		{042949F5-8E57-4ED2-8802-15DA102D66C5}.Debug|Any CPU.ActiveCfg = Debug|Any CPU
		{042949F5-8E57-4ED2-8802-15DA102D66C5}.Debug|Any CPU.Build.0 = Debug|Any CPU
		{042949F5-8E57-4ED2-8802-15DA102D66C5}.Release|Any CPU.ActiveCfg = Release|Any CPU
		{042949F5-8E57-4ED2-8802-15DA102D66C5}.Release|Any CPU.Build.0 = Release|Any CPU
		{C9F9025A-A2CC-4299-A254-23647BE9C691}.Debug|Any CPU.ActiveCfg = Debug|Any CPU
		{C9F9025A-A2CC-4299-A254-23647BE9C691}.Debug|Any CPU.Build.0 = Debug|Any CPU
		{C9F9025A-A2CC-4299-A254-23647BE9C691}.Release|Any CPU.ActiveCfg = Release|Any CPU
		{C9F9025A-A2CC-4299-A254-23647BE9C691}.Release|Any CPU.Build.0 = Release|Any CPU
	EndGlobalSection
	GlobalSection(SolutionProperties) = preSolution
		HideSolutionNode = FALSE
	EndGlobalSection
	GlobalSection(ExtensibilityGlobals) = postSolution
		SolutionGuid = {9995435E-AB59-47BE-9090-2A1DB2B69497}
	EndGlobalSection
EndGlobal
