
Microsoft Visual Studio Solution File, Format Version 12.00
# Visual Studio 2010
Project("{FAE04EC0-301F-11D3-BF4B-00C04F79EFBC}") = "NancyApplicationApi", "NancyApplicationApi.csproj", "{C9F9025A-A2CC-4299-A254-23647BE9C691}"
EndProject
Project("{FAE04EC0-301F-11D3-BF4B-00C04F79EFBC}") = "Energy.Core", "..\..\Energy.Core\Energy.Core.csproj", "{C8A325C9-5193-4819-9668-03F70904C9B7}"
EndProject
Global
	GlobalSection(SolutionConfigurationPlatforms) = preSolution
		Debug|Any CPU = Debug|Any CPU
		Release|Any CPU = Release|Any CPU
	EndGlobalSection
	GlobalSection(ProjectConfigurationPlatforms) = postSolution
		{C9F9025A-A2CC-4299-A254-23647BE9C691}.Debug|Any CPU.ActiveCfg = Debug|Any CPU
		{C9F9025A-A2CC-4299-A254-23647BE9C691}.Debug|Any CPU.Build.0 = Debug|Any CPU
		{C9F9025A-A2CC-4299-A254-23647BE9C691}.Release|Any CPU.ActiveCfg = Release|Any CPU
		{C9F9025A-A2CC-4299-A254-23647BE9C691}.Release|Any CPU.Build.0 = Release|Any CPU
		{C8A325C9-5193-4819-9668-03F70904C9B7}.Debug|Any CPU.ActiveCfg = Debug|Any CPU
		{C8A325C9-5193-4819-9668-03F70904C9B7}.Debug|Any CPU.Build.0 = Debug|Any CPU
		{C8A325C9-5193-4819-9668-03F70904C9B7}.Release|Any CPU.ActiveCfg = Release|Any CPU
		{C8A325C9-5193-4819-9668-03F70904C9B7}.Release|Any CPU.Build.0 = Release|Any CPU
	EndGlobalSection
	GlobalSection(SolutionProperties) = preSolution
		HideSolutionNode = FALSE
	EndGlobalSection
	GlobalSection(ExtensibilityGlobals) = postSolution
		SolutionGuid = {CB690CCF-577E-48C9-9B9B-1F1302B53859}
	EndGlobalSection
EndGlobal
