
Microsoft Visual Studio Solution File, Format Version 12.00
# Visual Studio Version 16
VisualStudioVersion = 16.0.28803.156
MinimumVisualStudioVersion = 10.0.40219.1
Project("{FAE04EC0-301F-11D3-BF4B-00C04F79EFBC}") = "WebAppBackendCore", "WebAppBackendCore\WebAppBackendCore.csproj", "{23C87B78-F214-40D5-9B83-C48D595A500A}"
EndProject
Project("{9A19103F-16F7-4668-BE54-9A1E7A4F7556}") = "Energy.Core", "..\Energy.Core\Energy.Core.csproj", "{907EF067-237D-4BCB-9254-93F3DCE0D620}"
EndProject
Global
	GlobalSection(SolutionConfigurationPlatforms) = preSolution
		Debug|Any CPU = Debug|Any CPU
		Release|Any CPU = Release|Any CPU
	EndGlobalSection
	GlobalSection(ProjectConfigurationPlatforms) = postSolution
		{23C87B78-F214-40D5-9B83-C48D595A500A}.Debug|Any CPU.ActiveCfg = Debug|Any CPU
		{23C87B78-F214-40D5-9B83-C48D595A500A}.Debug|Any CPU.Build.0 = Debug|Any CPU
		{23C87B78-F214-40D5-9B83-C48D595A500A}.Release|Any CPU.ActiveCfg = Release|Any CPU
		{23C87B78-F214-40D5-9B83-C48D595A500A}.Release|Any CPU.Build.0 = Release|Any CPU
		{907EF067-237D-4BCB-9254-93F3DCE0D620}.Debug|Any CPU.ActiveCfg = Debug|Any CPU
		{907EF067-237D-4BCB-9254-93F3DCE0D620}.Debug|Any CPU.Build.0 = Debug|Any CPU
		{907EF067-237D-4BCB-9254-93F3DCE0D620}.Release|Any CPU.ActiveCfg = Release|Any CPU
		{907EF067-237D-4BCB-9254-93F3DCE0D620}.Release|Any CPU.Build.0 = Release|Any CPU
	EndGlobalSection
	GlobalSection(SolutionProperties) = preSolution
		HideSolutionNode = FALSE
	EndGlobalSection
	GlobalSection(ExtensibilityGlobals) = postSolution
		SolutionGuid = {7E2AFC0D-BB48-494B-8190-9933C35A02B8}
	EndGlobalSection
EndGlobal
