
Microsoft Visual Studio Solution File, Format Version 10.00
# Visual Studio 2008
Project("{FAE04EC0-301F-11D3-BF4B-00C04F79EFBC}") = "Energy.Core.Compact.Library", "..\Energy.Core\Energy.Core.Compact.Library.csproj", "{848AEAD2-CBD5-4B92-83E0-A4D4F48D1985}"
EndProject
Global
	GlobalSection(SolutionConfigurationPlatforms) = preSolution
		Debug|Any CPU = Debug|Any CPU
		Release|Any CPU = Release|Any CPU
	EndGlobalSection
	GlobalSection(ProjectConfigurationPlatforms) = postSolution
		{848AEAD2-CBD5-4B92-83E0-A4D4F48D1985}.Debug|Any CPU.ActiveCfg = Debug|Any CPU
		{848AEAD2-CBD5-4B92-83E0-A4D4F48D1985}.Debug|Any CPU.Build.0 = Debug|Any CPU
		{848AEAD2-CBD5-4B92-83E0-A4D4F48D1985}.Release|Any CPU.ActiveCfg = Release|Any CPU
		{848AEAD2-CBD5-4B92-83E0-A4D4F48D1985}.Release|Any CPU.Build.0 = Release|Any CPU
	EndGlobalSection
	GlobalSection(SolutionProperties) = preSolution
		HideSolutionNode = FALSE
	EndGlobalSection
EndGlobal
