
Microsoft Visual Studio Solution File, Format Version 10.00
# Visual Studio 2008
Project("{FAE04EC0-301F-11D3-BF4B-00C04F79EFBC}") = "Energy.Core.Compact.Preview", "Energy.Core.Compact.Preview\Energy.Core.Compact.Preview.csproj", "{7D16E66B-5247-48A1-B86B-0A3F4874251E}"
EndProject
Project("{FAE04EC0-301F-11D3-BF4B-00C04F79EFBC}") = "Energy.Core.Compact.Legacy", "..\Energy.Core\Energy.Core.Compact.Legacy.csproj", "{349011BA-FE91-4B2D-9E73-C8B7FC611385}"
EndProject
Global
	GlobalSection(SolutionConfigurationPlatforms) = preSolution
		Debug|Any CPU = Debug|Any CPU
		Release|Any CPU = Release|Any CPU
	EndGlobalSection
	GlobalSection(ProjectConfigurationPlatforms) = postSolution
		{7D16E66B-5247-48A1-B86B-0A3F4874251E}.Debug|Any CPU.ActiveCfg = Debug|Any CPU
		{7D16E66B-5247-48A1-B86B-0A3F4874251E}.Debug|Any CPU.Build.0 = Debug|Any CPU
		{7D16E66B-5247-48A1-B86B-0A3F4874251E}.Debug|Any CPU.Deploy.0 = Debug|Any CPU
		{7D16E66B-5247-48A1-B86B-0A3F4874251E}.Release|Any CPU.ActiveCfg = Release|Any CPU
		{7D16E66B-5247-48A1-B86B-0A3F4874251E}.Release|Any CPU.Build.0 = Release|Any CPU
		{7D16E66B-5247-48A1-B86B-0A3F4874251E}.Release|Any CPU.Deploy.0 = Release|Any CPU
		{349011BA-FE91-4B2D-9E73-C8B7FC611385}.Debug|Any CPU.ActiveCfg = Debug|Any CPU
		{349011BA-FE91-4B2D-9E73-C8B7FC611385}.Debug|Any CPU.Build.0 = Debug|Any CPU
		{349011BA-FE91-4B2D-9E73-C8B7FC611385}.Release|Any CPU.ActiveCfg = Release|Any CPU
		{349011BA-FE91-4B2D-9E73-C8B7FC611385}.Release|Any CPU.Build.0 = Release|Any CPU
	EndGlobalSection
	GlobalSection(SolutionProperties) = preSolution
		HideSolutionNode = FALSE
	EndGlobalSection
EndGlobal
