
Microsoft Visual Studio Solution File, Format Version 12.00
# Visual Studio 15
VisualStudioVersion = 15.0.26730.16
MinimumVisualStudioVersion = 10.0.40219.1
Project("{EEEEEEEE-0000-0000-BBBB-213243546576}") = "AspNetCoreApi", "AspNetCoreApi.csproj", "{EEEEEEEE-0000-0000-BBBB-A4B5C6D7E8F9}"
EndProject
Global
	GlobalSection(SolutionConfigurationPlatforms) = preSolution
		Debug|Any CPU = Debug|Any CPU
		Release|Any CPU = Release|Any CPU
	EndGlobalSection
	GlobalSection(ProjectConfigurationPlatforms) = postSolution
		{EEEEEEEE-0000-0000-BBBB-A4B5C6D7E8F9}.Debug|Any CPU.ActiveCfg = Debug|Any CPU
		{EEEEEEEE-0000-0000-BBBB-A4B5C6D7E8F9}.Debug|Any CPU.Build.0 = Debug|Any CPU
		{EEEEEEEE-0000-0000-BBBB-A4B5C6D7E8F9}.Release|Any CPU.ActiveCfg = Release|Any CPU
		{EEEEEEEE-0000-0000-BBBB-A4B5C6D7E8F9}.Release|Any CPU.Build.0 = Release|Any CPU
	EndGlobalSection
	GlobalSection(SolutionProperties) = preSolution
		HideSolutionNode = FALSE
	EndGlobalSection
	GlobalSection(ExtensibilityGlobals) = postSolution
		SolutionGuid = {EEEEEEEE-0000-0000-BBBB-213243546576}
	EndGlobalSection
EndGlobal
